{
  "dependencies": [
    {
      "members": {
        "/deps/witness": [
          "Canvas",
          "Canvas.draw_circle",
          "Canvas.into",
          "Canvas.total",
          "Canvas.try_into",
          "Entry",
          "Entry.clone",
          "Entry.into",
          "Entry.try_into",
          "Entry.value",
          "Extensions",
          "Extensions.entry",
          "Extensions.get",
          "Extensions.into",
          "Extensions.try_into",
          "Header",
          "Header.into",
          "Header.length",
          "Header.text",
          "Header.try_into",
          "Host",
          "Host.base_mut",
          "Host.into",
          "Host.total",
          "Host.try_into",
          "Host::new",
          "Request",
          "Request.extensions",
          "Request.headers",
          "Request.into",
          "Request.try_into",
          "Request::new",
          "View",
          "borrowed-option",
          "borrowed-option.and_then",
          "borrowed-option.cloned",
          "borrowed-option.map",
          "clone_count",
          "consume",
          "make_view",
          "render",
          "root_count"
        ]
      },
      "name": "witness",
      "version": "0.1.0"
    }
  ],
  "format": 4,
  "removed": [],
  "resolution": {
    "events": [
      {
        "reason": "bundled projection distribution is deliberately deferred until Terrane has a release artifact channel",
        "source": "BundledArtifact",
        "status": "Skipped"
      },
      {
        "reason": "`TERRANE_PROJECTION_ARTIFACT_URL` is not configured",
        "source": "PublishedArtifact",
        "status": "Skipped"
      },
      {
        "reason": "no reusable exact artifact was available; generated with the pinned local rustdoc toolchain",
        "source": "LocalRustdoc",
        "status": "Generated"
      }
    ],
    "outcome": "LocalRustdoc"
  },
  "rustdoc_format": 57,
  "source": "Local"
}
