{
  "dependencies": [
    {
      "members": {
        "/deps/terrane-boundary-reject-witness": [
          "AsyncWorker",
          "DropWorker",
          "LocalWorker",
          "NonSend",
          "NonSend.clone",
          "NonSend.into",
          "NonSend.try_into",
          "UniqueToken",
          "UniqueToken.into",
          "UniqueToken.try_into",
          "non_send",
          "retain_local",
          "unique_token"
        ]
      },
      "name": "terrane-boundary-reject-witness",
      "version": "0.1.0"
    }
  ],
  "format": 4,
  "removed": [],
  "rustdoc_format": 57,
  "source": "Local"
}
