{
  "format": 3,
  "dependencies": [
    {
      "name": "terrane-boundary-reject-witness",
      "version": "0.1.0",
      "members": [
        [
          "/deps/terrane-boundary-reject-witness",
          "AsyncWorker"
        ],
        [
          "/deps/terrane-boundary-reject-witness",
          "DropWorker"
        ],
        [
          "/deps/terrane-boundary-reject-witness",
          "LocalWorker"
        ],
        [
          "/deps/terrane-boundary-reject-witness",
          "NonSend"
        ],
        [
          "/deps/terrane-boundary-reject-witness",
          "UniqueToken"
        ],
        [
          "/deps/terrane-boundary-reject-witness",
          "non_send"
        ],
        [
          "/deps/terrane-boundary-reject-witness",
          "retain_local"
        ],
        [
          "/deps/terrane-boundary-reject-witness",
          "unique_token"
        ],
        [
          "/deps/terrane-boundary-reject-witness/nonsend",
          "clone"
        ]
      ]
    }
  ],
  "removed": [],
  "cache_identity": "b19f69d22548c8531d31a09c5f7f8316d9418ec33d5b49c61a98fd2312b2731c",
  "source": "Local",
  "rustdoc_format": 57,
  "projection_schema": "63",
  "content_hash": "ecb199954155c42c245acf395f143380d2499eef05d3f2b5b5966f5d2f6bccd8",
  "resolution": {
    "outcome": "LocalRustdoc",
    "events": [
      {
        "source": "BundledArtifact",
        "status": "Skipped",
        "reason": "bundled projection distribution is deliberately deferred until Terrane has a release artifact channel"
      },
      {
        "source": "PublishedArtifact",
        "status": "Skipped",
        "reason": "`TERRANE_PROJECTION_ARTIFACT_URL` is not configured"
      },
      {
        "source": "LocalRustdoc",
        "status": "Generated",
        "reason": "no reusable exact artifact was available; generated with the pinned local rustdoc toolchain"
      }
    ]
  }
}
