{
  "dependencies": [
    {
      "members": {
        "/deps/terrane-payload-enum-witness": [
          "Event",
          "Event-Named",
          "Event-Optional",
          "Event-Pair",
          "NonClonePayload",
          "NonClonePayload.eq",
          "NonClonePayload.into",
          "NonClonePayload.try_into",
          "OpenEvent",
          "OwnedEvent",
          "consume_payload",
          "future_event",
          "non_clone_payload"
        ]
      },
      "name": "terrane-payload-enum-witness",
      "version": "0.1.0"
    }
  ],
  "format": 4,
  "removed": [],
  "rustdoc_format": 57,
  "source": "Local"
}
