{
  "format": 4,
  "dependencies": [
    {
      "name": "terrane-send-witness",
      "version": "0.1.0",
      "members": {
        "/deps/terrane-send-witness": [
          "Foreign",
          "Worker",
          "foreign"
        ],
        "/deps/terrane-send-witness/foreign": [
          "clone"
        ]
      }
    }
  ],
  "removed": [],
  "cache_identity": "ee576d6d75ee06d5564a4bbc4d28bb4882cc1686e1bab5d0cf8cf2ddc20b1b63",
  "source": "Local",
  "rustdoc_format": 57,
  "projection_schema": "191",
  "content_hash": "f0f93ff7234e14a3a9bf3d963afa831e436a9598e9b17884cfbe64e138dc0628",
  "resolution": {
    "outcome": "LocalRustdoc",
    "events": [
      {
        "source": "BundledArtifact",
        "status": "Skipped",
        "reason": "bundled projection distribution is deliberately deferred until Terrane has a release artifact channel"
      },
      {
        "source": "PublishedArtifact",
        "status": "Skipped",
        "reason": "`TERRANE_PROJECTION_ARTIFACT_URL` is not configured"
      },
      {
        "source": "LocalRustdoc",
        "status": "Generated",
        "reason": "no reusable exact artifact was available; generated with the pinned local rustdoc toolchain"
      }
    ]
  }
}
