{
  "format": 4,
  "dependencies": [
    {
      "name": "witness",
      "version": "0.1.0",
      "members": {
        "/deps/witness": [
          "Application",
          "BorrowedButton",
          "BorrowedLabel",
          "BorrowedValue-of-String",
          "Button",
          "Label",
          "Row",
          "Widget",
          "borrowed_button",
          "borrowed_button_group",
          "borrowed_group",
          "borrowed_label",
          "borrowed_label_group",
          "borrowed_row",
          "borrowed_value",
          "button",
          "into_widget",
          "label",
          "launch",
          "render_default",
          "render_exact",
          "render_scoped",
          "reset_trace",
          "row",
          "run_application",
          "traced_label"
        ],
        "/deps/witness/button": [
          "from"
        ],
        "/deps/witness/row": [
          "from"
        ],
        "/deps/witness/widget": [
          "clone"
        ],
        "/deps/witness/widget/trait/core/convert/from-terrane-invocation-scoped-witness/button": [
          "from"
        ],
        "/deps/witness/widget/trait/core/convert/from-terrane-invocation-scoped-witness/label": [
          "from"
        ],
        "/deps/witness/widget/trait/core/convert/from-terrane-invocation-scoped-witness/row": [
          "from"
        ],
        "/deps/witness/widget/trait/core/convert/from-terrane-invocation-scoped-witness/widget": [
          "from"
        ]
      }
    }
  ],
  "removed": [],
  "cache_identity": "0ca0a5591c1031fda682d4eba89c40a1111ad1e3aa72033f8f7718ce195458e9",
  "source": "Local",
  "rustdoc_format": 57,
  "projection_schema": "191",
  "content_hash": "01ad765a618ca252616f2c0a2c2c1f39bde340857d92fa953b7ba859356ea076",
  "resolution": {
    "outcome": "LocalRustdoc",
    "events": [
      {
        "source": "BundledArtifact",
        "status": "Skipped",
        "reason": "bundled projection distribution is deliberately deferred until Terrane has a release artifact channel"
      },
      {
        "source": "PublishedArtifact",
        "status": "Skipped",
        "reason": "`TERRANE_PROJECTION_ARTIFACT_URL` is not configured"
      },
      {
        "source": "LocalRustdoc",
        "status": "Generated",
        "reason": "no reusable exact artifact was available; generated with the pinned local rustdoc toolchain"
      }
    ]
  }
}
