{
  "format": 3,
  "dependencies": [
    {
      "name": "witness",
      "version": "0.1.0",
      "members": [
        [
          "/deps/witness",
          "Button"
        ],
        [
          "/deps/witness",
          "Label"
        ],
        [
          "/deps/witness",
          "Row"
        ],
        [
          "/deps/witness",
          "Widget"
        ],
        [
          "/deps/witness",
          "button"
        ],
        [
          "/deps/witness",
          "into_widget"
        ],
        [
          "/deps/witness",
          "label"
        ],
        [
          "/deps/witness",
          "render_default"
        ],
        [
          "/deps/witness",
          "render_exact"
        ],
        [
          "/deps/witness",
          "render_scoped"
        ],
        [
          "/deps/witness",
          "reset_trace"
        ],
        [
          "/deps/witness",
          "row"
        ],
        [
          "/deps/witness",
          "traced_label"
        ],
        [
          "/deps/witness/button",
          "from"
        ],
        [
          "/deps/witness/row",
          "from"
        ],
        [
          "/deps/witness/widget",
          "clone"
        ],
        [
          "/deps/witness/widget/trait/core/convert/from-terrane-invocation-scoped-witness/button",
          "from"
        ],
        [
          "/deps/witness/widget/trait/core/convert/from-terrane-invocation-scoped-witness/label",
          "from"
        ],
        [
          "/deps/witness/widget/trait/core/convert/from-terrane-invocation-scoped-witness/row",
          "from"
        ],
        [
          "/deps/witness/widget/trait/core/convert/from-terrane-invocation-scoped-witness/widget",
          "from"
        ]
      ]
    }
  ],
  "removed": [],
  "cache_identity": "a12de65d846e350b806def0e66a6a7f32bee735797b940f9386156c6fc92b937",
  "source": "Local",
  "rustdoc_format": 57,
  "projection_schema": "145",
  "content_hash": "a7c8a5d77c8c404e4438a3a1bc1297bbf4351533c3bbafee6b0ee2a64109e099",
  "resolution": {
    "outcome": "ExactCache",
    "events": [
      {
        "source": "ExactCache",
        "status": "Hit",
        "reason": "matched projection identity `a12de65d846e350b806def0e66a6a7f32bee735797b940f9386156c6fc92b937`"
      }
    ]
  }
}
