{
  "dependencies": [
    {
      "members": [
        [
          "/deps/bytes",
          "Bytes"
        ],
        [
          "/deps/bytes",
          "Bytes.clear"
        ],
        [
          "/deps/bytes",
          "Bytes.is_empty"
        ],
        [
          "/deps/bytes",
          "Bytes.is_unique"
        ],
        [
          "/deps/bytes",
          "Bytes.len"
        ],
        [
          "/deps/bytes",
          "Bytes.truncate"
        ],
        [
          "/deps/bytes",
          "Bytes.try_into_mut"
        ],
        [
          "/deps/bytes",
          "BytesMut"
        ],
        [
          "/deps/bytes",
          "BytesMut.capacity"
        ],
        [
          "/deps/bytes",
          "BytesMut.clear"
        ],
        [
          "/deps/bytes",
          "BytesMut.freeze"
        ],
        [
          "/deps/bytes",
          "BytesMut.is_empty"
        ],
        [
          "/deps/bytes",
          "BytesMut.len"
        ],
        [
          "/deps/bytes",
          "BytesMut.reserve"
        ],
        [
          "/deps/bytes",
          "BytesMut.resize"
        ],
        [
          "/deps/bytes",
          "BytesMut.split"
        ],
        [
          "/deps/bytes",
          "BytesMut.split_off"
        ],
        [
          "/deps/bytes",
          "BytesMut.split_to"
        ],
        [
          "/deps/bytes",
          "BytesMut.truncate"
        ],
        [
          "/deps/bytes",
          "BytesMut.try_reclaim"
        ],
        [
          "/deps/bytes",
          "BytesMut.unsplit"
        ],
        [
          "/deps/bytes",
          "BytesMut::new"
        ],
        [
          "/deps/bytes",
          "BytesMut::with_capacity"
        ],
        [
          "/deps/bytes",
          "BytesMut::zeroed"
        ],
        [
          "/deps/bytes",
          "TryGetError"
        ],
        [
          "/deps/bytes/buf",
          "UninitSlice"
        ],
        [
          "/deps/bytes/buf",
          "UninitSlice.len"
        ],
        [
          "/deps/bytes/buf",
          "UninitSlice.write_byte"
        ],
        [
          "/deps/bytes/buf",
          "copy_to_bytes"
        ],
        [
          "/deps/bytes/bufmut",
          "chunk_mut"
        ],
        [
          "/deps/bytes/bufmut",
          "put_bytes"
        ],
        [
          "/deps/bytes/bufmut",
          "remaining_mut"
        ]
      ],
      "name": "bytes",
      "version": "1.10.1"
    }
  ],
  "format": 2,
  "projection_schema": "25",
  "removed": [],
  "resolution": {
    "events": [
      {
        "reason": "bundled projection distribution is deliberately deferred until Terrane has a release artifact channel",
        "source": "BundledArtifact",
        "status": "Skipped"
      },
      {
        "reason": "`TERRANE_PROJECTION_ARTIFACT_URL` is not configured",
        "source": "PublishedArtifact",
        "status": "Skipped"
      },
      {
        "reason": "no reusable exact artifact was available; generated with the pinned local rustdoc toolchain",
        "source": "LocalRustdoc",
        "status": "Generated"
      }
    ],
    "outcome": "LocalRustdoc"
  },
  "rustdoc_format": 57,
  "source": "Local"
}
