{
  "format": 2,
  "dependencies": [
    {
      "name": "terrane-callback-witness",
      "version": "0.1.0",
      "members": [
        [
          "/deps/terrane-callback-witness",
          "Marker"
        ],
        [
          "/deps/terrane-callback-witness",
          "apply_async"
        ],
        [
          "/deps/terrane-callback-witness",
          "apply_async_concurrently"
        ],
        [
          "/deps/terrane-callback-witness",
          "apply_mutable"
        ],
        [
          "/deps/terrane-callback-witness",
          "apply_once"
        ],
        [
          "/deps/terrane-callback-witness",
          "apply_shared"
        ],
        [
          "/deps/terrane-callback-witness",
          "make_marker"
        ]
      ]
    },
    {
      "name": "terrane-dispatch-witness",
      "version": "0.1.0",
      "members": [
        [
          "/deps/terrane-dispatch-witness",
          "dispatch"
        ]
      ]
    }
  ],
  "removed": [],
  "cache_identity": "0c119e6ab0936ce382213ab932d1ff7101d8da4953abf8731122b5774d0e4f94",
  "source": "Local",
  "rustdoc_format": 57,
  "projection_schema": "17",
  "content_hash": "56791e4270586fb4f20897c0b5a6184b7f498b4cac04d187ed1e003d4a73b165",
  "resolution": {
    "outcome": "LocalRustdoc",
    "events": [
      {
        "source": "BundledArtifact",
        "status": "Skipped",
        "reason": "bundled projection distribution is deliberately deferred until Terrane has a release artifact channel"
      },
      {
        "source": "PublishedArtifact",
        "status": "Skipped",
        "reason": "`TERRANE_PROJECTION_ARTIFACT_URL` is not configured"
      },
      {
        "source": "LocalRustdoc",
        "status": "Generated",
        "reason": "no reusable exact artifact was available; generated with the pinned local rustdoc toolchain"
      }
    ]
  }
}
