{
  "bound_dependencies": [
    {
      "name": "__terrane_recursive_godot_core",
      "package": "godot-core",
      "version": "=0.5.5"
    },
    {
      "name": "__terrane_recursive_godot_ffi",
      "package": "godot-ffi",
      "version": "=0.5.5"
    }
  ],
  "dependencies": [
    {
      "members": [
        [
          "/deps/godot/builtin",
          "Vector2"
        ],
        [
          "/deps/godot/builtin",
          "Vector2.abs"
        ],
        [
          "/deps/godot/builtin",
          "Vector2.angle"
        ],
        [
          "/deps/godot/builtin",
          "Vector2.angle_to"
        ],
        [
          "/deps/godot/builtin",
          "Vector2.angle_to_point"
        ],
        [
          "/deps/godot/builtin",
          "Vector2.aspect"
        ],
        [
          "/deps/godot/builtin",
          "Vector2.bezier_derivative"
        ],
        [
          "/deps/godot/builtin",
          "Vector2.bezier_interpolate"
        ],
        [
          "/deps/godot/builtin",
          "Vector2.bounce"
        ],
        [
          "/deps/godot/builtin",
          "Vector2.cast_int"
        ],
        [
          "/deps/godot/builtin",
          "Vector2.ceil"
        ],
        [
          "/deps/godot/builtin",
          "Vector2.clamp"
        ],
        [
          "/deps/godot/builtin",
          "Vector2.coord_max"
        ],
        [
          "/deps/godot/builtin",
          "Vector2.coord_min"
        ],
        [
          "/deps/godot/builtin",
          "Vector2.cross"
        ],
        [
          "/deps/godot/builtin",
          "Vector2.cubic_interpolate"
        ],
        [
          "/deps/godot/builtin",
          "Vector2.cubic_interpolate_in_time"
        ],
        [
          "/deps/godot/builtin",
          "Vector2.direction_to"
        ],
        [
          "/deps/godot/builtin",
          "Vector2.distance_squared_to"
        ],
        [
          "/deps/godot/builtin",
          "Vector2.distance_to"
        ],
        [
          "/deps/godot/builtin",
          "Vector2.dot"
        ],
        [
          "/deps/godot/builtin",
          "Vector2.floor"
        ],
        [
          "/deps/godot/builtin",
          "Vector2.is_finite"
        ],
        [
          "/deps/godot/builtin",
          "Vector2.is_normalized"
        ],
        [
          "/deps/godot/builtin",
          "Vector2.is_zero_approx"
        ],
        [
          "/deps/godot/builtin",
          "Vector2.length"
        ],
        [
          "/deps/godot/builtin",
          "Vector2.length_squared"
        ],
        [
          "/deps/godot/builtin",
          "Vector2.lerp"
        ],
        [
          "/deps/godot/builtin",
          "Vector2.limit_length"
        ],
        [
          "/deps/godot/builtin",
          "Vector2.max_axis"
        ],
        [
          "/deps/godot/builtin",
          "Vector2.min_axis"
        ],
        [
          "/deps/godot/builtin",
          "Vector2.move_toward"
        ],
        [
          "/deps/godot/builtin",
          "Vector2.normalized"
        ],
        [
          "/deps/godot/builtin",
          "Vector2.normalized_or_zero"
        ],
        [
          "/deps/godot/builtin",
          "Vector2.orthogonal"
        ],
        [
          "/deps/godot/builtin",
          "Vector2.posmod"
        ],
        [
          "/deps/godot/builtin",
          "Vector2.posmodv"
        ],
        [
          "/deps/godot/builtin",
          "Vector2.project"
        ],
        [
          "/deps/godot/builtin",
          "Vector2.reflect"
        ],
        [
          "/deps/godot/builtin",
          "Vector2.rotated"
        ],
        [
          "/deps/godot/builtin",
          "Vector2.round"
        ],
        [
          "/deps/godot/builtin",
          "Vector2.sign"
        ],
        [
          "/deps/godot/builtin",
          "Vector2.slerp"
        ],
        [
          "/deps/godot/builtin",
          "Vector2.slide"
        ],
        [
          "/deps/godot/builtin",
          "Vector2.snapped"
        ],
        [
          "/deps/godot/builtin",
          "Vector2.to_tuple"
        ],
        [
          "/deps/godot/builtin",
          "Vector2.to_vector2i"
        ],
        [
          "/deps/godot/builtin",
          "Vector2.try_direction_to"
        ],
        [
          "/deps/godot/builtin",
          "Vector2.try_normalized"
        ],
        [
          "/deps/godot/builtin",
          "Vector2::from_angle"
        ],
        [
          "/deps/godot/builtin",
          "Vector2::from_tuple"
        ],
        [
          "/deps/godot/builtin",
          "Vector2::new"
        ],
        [
          "/deps/godot/builtin",
          "Vector2::splat"
        ],
        [
          "/deps/godot/builtin/vector2",
          "add"
        ],
        [
          "/deps/godot/builtin/vector2",
          "add_assign"
        ],
        [
          "/deps/godot/builtin/vector2",
          "approx_eq"
        ],
        [
          "/deps/godot/builtin/vector2",
          "clone"
        ],
        [
          "/deps/godot/builtin/vector2",
          "default"
        ],
        [
          "/deps/godot/builtin/vector2",
          "default_metadata"
        ],
        [
          "/deps/godot/builtin/vector2",
          "eq"
        ],
        [
          "/deps/godot/builtin/vector2",
          "extract_if_safe"
        ],
        [
          "/deps/godot/builtin/vector2",
          "godot_shape"
        ],
        [
          "/deps/godot/builtin/vector2",
          "index"
        ],
        [
          "/deps/godot/builtin/vector2",
          "index_mut"
        ],
        [
          "/deps/godot/builtin/vector2",
          "into_dynamic_send"
        ],
        [
          "/deps/godot/builtin/vector2",
          "into_ffi"
        ],
        [
          "/deps/godot/builtin/vector2",
          "neg"
        ],
        [
          "/deps/godot/builtin/vector2",
          "sub"
        ],
        [
          "/deps/godot/builtin/vector2",
          "sub_assign"
        ],
        [
          "/deps/godot/builtin/vector2",
          "sys_mut"
        ],
        [
          "/deps/godot/builtin/vector2",
          "xform_inv"
        ],
        [
          "/deps/godot/builtin/vector2/trait/core/iter/traits/accum/product",
          "product"
        ],
        [
          "/deps/godot/builtin/vector2/trait/core/iter/traits/accum/product-a-godot/builtin/vector2",
          "product"
        ],
        [
          "/deps/godot/builtin/vector2/trait/core/iter/traits/accum/sum",
          "sum"
        ],
        [
          "/deps/godot/builtin/vector2/trait/core/iter/traits/accum/sum-a-godot/builtin/vector2",
          "sum"
        ],
        [
          "/deps/godot/builtin/vector2/trait/core/ops/arith/div",
          "div"
        ],
        [
          "/deps/godot/builtin/vector2/trait/core/ops/arith/div-f32",
          "div"
        ],
        [
          "/deps/godot/builtin/vector2/trait/core/ops/arith/divassign",
          "div_assign"
        ],
        [
          "/deps/godot/builtin/vector2/trait/core/ops/arith/divassign-f32",
          "div_assign"
        ],
        [
          "/deps/godot/builtin/vector2/trait/core/ops/arith/mul",
          "mul"
        ],
        [
          "/deps/godot/builtin/vector2/trait/core/ops/arith/mul-f32",
          "mul"
        ],
        [
          "/deps/godot/builtin/vector2/trait/core/ops/arith/mulassign",
          "mul_assign"
        ],
        [
          "/deps/godot/builtin/vector2/trait/core/ops/arith/mulassign-f32",
          "mul_assign"
        ],
        [
          "/deps/godot/classes",
          "Node2D"
        ],
        [
          "/deps/godot/classes",
          "Node2D.__object_ptr"
        ],
        [
          "/deps/godot/classes",
          "Node2D.apply_scale"
        ],
        [
          "/deps/godot/classes",
          "Node2D.get_angle_to"
        ],
        [
          "/deps/godot/classes",
          "Node2D.get_global_position"
        ],
        [
          "/deps/godot/classes",
          "Node2D.get_global_rotation"
        ],
        [
          "/deps/godot/classes",
          "Node2D.get_global_rotation_degrees"
        ],
        [
          "/deps/godot/classes",
          "Node2D.get_global_scale"
        ],
        [
          "/deps/godot/classes",
          "Node2D.get_global_skew"
        ],
        [
          "/deps/godot/classes",
          "Node2D.get_position"
        ],
        [
          "/deps/godot/classes",
          "Node2D.get_rotation"
        ],
        [
          "/deps/godot/classes",
          "Node2D.get_rotation_degrees"
        ],
        [
          "/deps/godot/classes",
          "Node2D.get_scale"
        ],
        [
          "/deps/godot/classes",
          "Node2D.get_skew"
        ],
        [
          "/deps/godot/classes",
          "Node2D.global_translate"
        ],
        [
          "/deps/godot/classes",
          "Node2D.look_at"
        ],
        [
          "/deps/godot/classes",
          "Node2D.move_local_x"
        ],
        [
          "/deps/godot/classes",
          "Node2D.move_local_y"
        ],
        [
          "/deps/godot/classes",
          "Node2D.rotate"
        ],
        [
          "/deps/godot/classes",
          "Node2D.set_global_position"
        ],
        [
          "/deps/godot/classes",
          "Node2D.set_global_rotation"
        ],
        [
          "/deps/godot/classes",
          "Node2D.set_global_rotation_degrees"
        ],
        [
          "/deps/godot/classes",
          "Node2D.set_global_scale"
        ],
        [
          "/deps/godot/classes",
          "Node2D.set_global_skew"
        ],
        [
          "/deps/godot/classes",
          "Node2D.set_global_transform"
        ],
        [
          "/deps/godot/classes",
          "Node2D.set_position"
        ],
        [
          "/deps/godot/classes",
          "Node2D.set_rotation"
        ],
        [
          "/deps/godot/classes",
          "Node2D.set_rotation_degrees"
        ],
        [
          "/deps/godot/classes",
          "Node2D.set_scale"
        ],
        [
          "/deps/godot/classes",
          "Node2D.set_skew"
        ],
        [
          "/deps/godot/classes",
          "Node2D.set_transform"
        ],
        [
          "/deps/godot/classes",
          "Node2D.to_global"
        ],
        [
          "/deps/godot/classes",
          "Node2D.to_local"
        ],
        [
          "/deps/godot/classes",
          "Node2D.translate"
        ],
        [
          "/deps/godot/classes/node2d",
          "__godot_default"
        ],
        [
          "/deps/godot/classes/node2d",
          "class_id"
        ],
        [
          "/deps/godot/classes/node2d",
          "deref"
        ]
      ],
      "name": "godot",
      "version": "0.5.5"
    }
  ],
  "format": 3,
  "removed": [],
  "resolution": {
    "events": [
      {
        "reason": "bundled projection distribution is deliberately deferred until Terrane has a release artifact channel",
        "source": "BundledArtifact",
        "status": "Skipped"
      },
      {
        "reason": "`TERRANE_PROJECTION_ARTIFACT_URL` is not configured",
        "source": "PublishedArtifact",
        "status": "Skipped"
      },
      {
        "reason": "no reusable exact artifact was available; generated with the pinned local rustdoc toolchain",
        "source": "LocalRustdoc",
        "status": "Generated"
      }
    ],
    "outcome": "LocalRustdoc"
  },
  "rustdoc_format": 57,
  "source": "Local"
}
