{
  "bound_dependencies": [
    {
      "name": "serde_core",
      "package": "serde_core",
      "version": "=1.0.229"
    }
  ],
  "dependencies": [
    {
      "members": {
        "/deps/serde-json": [
          "Error",
          "Error.classify",
          "Error.column",
          "Error.into",
          "Error.io_error_kind",
          "Error.is_data",
          "Error.is_eof",
          "Error.is_io",
          "Error.is_syntax",
          "Error.line",
          "Error.try_into",
          "Error::from",
          "Number",
          "Number.as_f64",
          "Number.as_i128",
          "Number.as_i64",
          "Number.as_u128",
          "Number.as_u64",
          "Number.clone",
          "Number.eq",
          "Number.into",
          "Number.is_f64",
          "Number.is_i64",
          "Number.is_u64",
          "Number.serialize",
          "Number.try_into",
          "Number::deserialize",
          "Number::from_f64",
          "Number::from_i128",
          "Number::from_str",
          "Number::from_u128",
          "Value",
          "from_reader",
          "from_str",
          "to_string",
          "to_string_pretty",
          "to_vec",
          "to_vec_pretty",
          "to_writer",
          "to_writer_pretty"
        ],
        "/deps/serde-json/error": [
          "Category"
        ],
        "/deps/serde-json/error/trait/serde-core/de/error": [
          "custom"
        ],
        "/deps/serde-json/error/trait/serde-core/ser/error": [
          "custom"
        ],
        "/deps/serde-json/map": [
          "IntoIter",
          "IntoIter.into",
          "IntoIter.len",
          "IntoIter.try_into",
          "IntoValues",
          "IntoValues.into",
          "IntoValues.len",
          "IntoValues.next",
          "IntoValues.try_into"
        ],
        "/deps/serde-json/number/trait/core/convert/from-i16": [
          "from"
        ],
        "/deps/serde-json/number/trait/core/convert/from-i32": [
          "from"
        ],
        "/deps/serde-json/number/trait/core/convert/from-i64": [
          "from"
        ],
        "/deps/serde-json/number/trait/core/convert/from-i8": [
          "from"
        ],
        "/deps/serde-json/number/trait/core/convert/from-isize": [
          "from"
        ],
        "/deps/serde-json/number/trait/core/convert/from-serde-json/number": [
          "from"
        ],
        "/deps/serde-json/number/trait/core/convert/from-u16": [
          "from"
        ],
        "/deps/serde-json/number/trait/core/convert/from-u32": [
          "from"
        ],
        "/deps/serde-json/number/trait/core/convert/from-u64": [
          "from"
        ],
        "/deps/serde-json/number/trait/core/convert/from-u8": [
          "from"
        ],
        "/deps/serde-json/number/trait/core/convert/from-usize": [
          "from"
        ],
        "/deps/serde-json/read": [
          "Position"
        ],
        "/deps/serde-json/ser": [
          "CharEscape",
          "CompactFormatter",
          "CompactFormatter.clone",
          "CompactFormatter.into",
          "CompactFormatter.try_into",
          "CompactFormatter::default"
        ],
        "/deps/serde-json/value": [
          "Serializer",
          "Serializer.collect_str",
          "Serializer.into",
          "Serializer.serialize_bool",
          "Serializer.serialize_char",
          "Serializer.serialize_f32",
          "Serializer.serialize_f64",
          "Serializer.serialize_i128",
          "Serializer.serialize_i16",
          "Serializer.serialize_i32",
          "Serializer.serialize_i64",
          "Serializer.serialize_i8",
          "Serializer.serialize_map",
          "Serializer.serialize_newtype_struct",
          "Serializer.serialize_newtype_variant",
          "Serializer.serialize_none",
          "Serializer.serialize_seq",
          "Serializer.serialize_some",
          "Serializer.serialize_str",
          "Serializer.serialize_struct",
          "Serializer.serialize_struct_variant",
          "Serializer.serialize_tuple",
          "Serializer.serialize_tuple_struct",
          "Serializer.serialize_tuple_variant",
          "Serializer.serialize_u128",
          "Serializer.serialize_u16",
          "Serializer.serialize_u32",
          "Serializer.serialize_u64",
          "Serializer.serialize_u8",
          "Serializer.serialize_unit",
          "Serializer.serialize_unit_struct",
          "Serializer.serialize_unit_variant",
          "Serializer.try_into"
        ],
        "/deps/serde-json/value/ser": [
          "SerializeMap",
          "SerializeMap-Map",
          "SerializeStructVariant",
          "SerializeTupleVariant",
          "SerializeVec"
        ],
        "/deps/serde-json/value/trait/core/cmp/partialeq": [
          "eq"
        ],
        "/deps/serde-json/value/trait/core/cmp/partialeq-std/string/string": [
          "eq"
        ],
        "/deps/serde-json/value/trait/core/convert/from": [
          "from"
        ],
        "/deps/serde-json/value/trait/core/convert/from-bool": [
          "from"
        ],
        "/deps/serde-json/value/trait/core/convert/from-f32": [
          "from"
        ],
        "/deps/serde-json/value/trait/core/convert/from-f64": [
          "from"
        ],
        "/deps/serde-json/value/trait/core/convert/from-i16": [
          "from"
        ],
        "/deps/serde-json/value/trait/core/convert/from-i32": [
          "from"
        ],
        "/deps/serde-json/value/trait/core/convert/from-i64": [
          "from"
        ],
        "/deps/serde-json/value/trait/core/convert/from-i8": [
          "from"
        ],
        "/deps/serde-json/value/trait/core/convert/from-isize": [
          "from"
        ],
        "/deps/serde-json/value/trait/core/convert/from-serde-json/map-std/string/string-serde-json/value": [
          "from"
        ],
        "/deps/serde-json/value/trait/core/convert/from-serde-json/number": [
          "from"
        ],
        "/deps/serde-json/value/trait/core/convert/from-std/string/string": [
          "from"
        ],
        "/deps/serde-json/value/trait/core/convert/from-str": [
          "from"
        ],
        "/deps/serde-json/value/trait/core/convert/from-u16": [
          "from"
        ],
        "/deps/serde-json/value/trait/core/convert/from-u32": [
          "from"
        ],
        "/deps/serde-json/value/trait/core/convert/from-u64": [
          "from"
        ],
        "/deps/serde-json/value/trait/core/convert/from-u8": [
          "from"
        ],
        "/deps/serde-json/value/trait/core/convert/from-usize": [
          "from"
        ]
      },
      "name": "serde-json",
      "version": "1.0.145"
    }
  ],
  "format": 4,
  "removed": [],
  "resolution": {
    "events": [
      {
        "reason": "bundled projection distribution is deliberately deferred until Terrane has a release artifact channel",
        "source": "BundledArtifact",
        "status": "Skipped"
      },
      {
        "reason": "`TERRANE_PROJECTION_ARTIFACT_URL` is not configured",
        "source": "PublishedArtifact",
        "status": "Skipped"
      },
      {
        "reason": "no reusable exact artifact was available; generated with the pinned local rustdoc toolchain",
        "source": "LocalRustdoc",
        "status": "Generated"
      }
    ],
    "outcome": "LocalRustdoc"
  },
  "rustdoc_format": 57,
  "source": "Local"
}
