{
  "bound_dependencies": [
    {
      "name": "serde_core",
      "package": "serde_core",
      "version": "=1.0.229"
    }
  ],
  "dependencies": [
    {
      "members": [
        [
          "/deps/serde-json",
          "Error"
        ],
        [
          "/deps/serde-json",
          "Error.classify"
        ],
        [
          "/deps/serde-json",
          "Error.column"
        ],
        [
          "/deps/serde-json",
          "Error.io_error_kind"
        ],
        [
          "/deps/serde-json",
          "Error.is_data"
        ],
        [
          "/deps/serde-json",
          "Error.is_eof"
        ],
        [
          "/deps/serde-json",
          "Error.is_io"
        ],
        [
          "/deps/serde-json",
          "Error.is_syntax"
        ],
        [
          "/deps/serde-json",
          "Error.line"
        ],
        [
          "/deps/serde-json",
          "Number"
        ],
        [
          "/deps/serde-json",
          "Number.as_f64"
        ],
        [
          "/deps/serde-json",
          "Number.as_i128"
        ],
        [
          "/deps/serde-json",
          "Number.as_i64"
        ],
        [
          "/deps/serde-json",
          "Number.as_u128"
        ],
        [
          "/deps/serde-json",
          "Number.as_u64"
        ],
        [
          "/deps/serde-json",
          "Number.is_f64"
        ],
        [
          "/deps/serde-json",
          "Number.is_i64"
        ],
        [
          "/deps/serde-json",
          "Number.is_u64"
        ],
        [
          "/deps/serde-json",
          "Number::from_f64"
        ],
        [
          "/deps/serde-json",
          "Number::from_i128"
        ],
        [
          "/deps/serde-json",
          "Number::from_u128"
        ],
        [
          "/deps/serde-json",
          "Value"
        ],
        [
          "/deps/serde-json",
          "from_reader"
        ],
        [
          "/deps/serde-json",
          "from_str"
        ],
        [
          "/deps/serde-json",
          "to_string"
        ],
        [
          "/deps/serde-json",
          "to_string_pretty"
        ],
        [
          "/deps/serde-json",
          "to_vec"
        ],
        [
          "/deps/serde-json",
          "to_vec_pretty"
        ],
        [
          "/deps/serde-json",
          "to_writer"
        ],
        [
          "/deps/serde-json",
          "to_writer_pretty"
        ],
        [
          "/deps/serde-json/error",
          "Category"
        ],
        [
          "/deps/serde-json/error",
          "from"
        ],
        [
          "/deps/serde-json/error/trait/serde-core/de/error",
          "custom"
        ],
        [
          "/deps/serde-json/error/trait/serde-core/ser/error",
          "custom"
        ],
        [
          "/deps/serde-json/map",
          "IntoIter"
        ],
        [
          "/deps/serde-json/map",
          "IntoValues"
        ],
        [
          "/deps/serde-json/map/intoiter",
          "len"
        ],
        [
          "/deps/serde-json/map/intovalues",
          "len"
        ],
        [
          "/deps/serde-json/map/intovalues",
          "next"
        ],
        [
          "/deps/serde-json/number",
          "clone"
        ],
        [
          "/deps/serde-json/number",
          "deserialize"
        ],
        [
          "/deps/serde-json/number",
          "eq"
        ],
        [
          "/deps/serde-json/number",
          "from_str"
        ],
        [
          "/deps/serde-json/number",
          "serialize"
        ],
        [
          "/deps/serde-json/number/trait/core/convert/from-i16",
          "from"
        ],
        [
          "/deps/serde-json/number/trait/core/convert/from-i32",
          "from"
        ],
        [
          "/deps/serde-json/number/trait/core/convert/from-i64",
          "from"
        ],
        [
          "/deps/serde-json/number/trait/core/convert/from-i8",
          "from"
        ],
        [
          "/deps/serde-json/number/trait/core/convert/from-isize",
          "from"
        ],
        [
          "/deps/serde-json/number/trait/core/convert/from-serde-json/number",
          "from"
        ],
        [
          "/deps/serde-json/number/trait/core/convert/from-u16",
          "from"
        ],
        [
          "/deps/serde-json/number/trait/core/convert/from-u32",
          "from"
        ],
        [
          "/deps/serde-json/number/trait/core/convert/from-u64",
          "from"
        ],
        [
          "/deps/serde-json/number/trait/core/convert/from-u8",
          "from"
        ],
        [
          "/deps/serde-json/number/trait/core/convert/from-usize",
          "from"
        ],
        [
          "/deps/serde-json/read",
          "Position"
        ],
        [
          "/deps/serde-json/ser",
          "CharEscape"
        ],
        [
          "/deps/serde-json/ser",
          "CompactFormatter"
        ],
        [
          "/deps/serde-json/ser/compactformatter",
          "clone"
        ],
        [
          "/deps/serde-json/ser/compactformatter",
          "default"
        ],
        [
          "/deps/serde-json/value",
          "Serializer"
        ],
        [
          "/deps/serde-json/value/ser",
          "SerializeMap"
        ],
        [
          "/deps/serde-json/value/ser",
          "SerializeStructVariant"
        ],
        [
          "/deps/serde-json/value/ser",
          "SerializeTupleVariant"
        ],
        [
          "/deps/serde-json/value/ser",
          "SerializeVec"
        ],
        [
          "/deps/serde-json/value/serializer",
          "collect_str"
        ],
        [
          "/deps/serde-json/value/serializer",
          "serialize_bool"
        ],
        [
          "/deps/serde-json/value/serializer",
          "serialize_char"
        ],
        [
          "/deps/serde-json/value/serializer",
          "serialize_f32"
        ],
        [
          "/deps/serde-json/value/serializer",
          "serialize_f64"
        ],
        [
          "/deps/serde-json/value/serializer",
          "serialize_i128"
        ],
        [
          "/deps/serde-json/value/serializer",
          "serialize_i16"
        ],
        [
          "/deps/serde-json/value/serializer",
          "serialize_i32"
        ],
        [
          "/deps/serde-json/value/serializer",
          "serialize_i64"
        ],
        [
          "/deps/serde-json/value/serializer",
          "serialize_i8"
        ],
        [
          "/deps/serde-json/value/serializer",
          "serialize_map"
        ],
        [
          "/deps/serde-json/value/serializer",
          "serialize_newtype_struct"
        ],
        [
          "/deps/serde-json/value/serializer",
          "serialize_newtype_variant"
        ],
        [
          "/deps/serde-json/value/serializer",
          "serialize_none"
        ],
        [
          "/deps/serde-json/value/serializer",
          "serialize_seq"
        ],
        [
          "/deps/serde-json/value/serializer",
          "serialize_some"
        ],
        [
          "/deps/serde-json/value/serializer",
          "serialize_str"
        ],
        [
          "/deps/serde-json/value/serializer",
          "serialize_struct"
        ],
        [
          "/deps/serde-json/value/serializer",
          "serialize_struct_variant"
        ],
        [
          "/deps/serde-json/value/serializer",
          "serialize_tuple"
        ],
        [
          "/deps/serde-json/value/serializer",
          "serialize_tuple_struct"
        ],
        [
          "/deps/serde-json/value/serializer",
          "serialize_tuple_variant"
        ],
        [
          "/deps/serde-json/value/serializer",
          "serialize_u128"
        ],
        [
          "/deps/serde-json/value/serializer",
          "serialize_u16"
        ],
        [
          "/deps/serde-json/value/serializer",
          "serialize_u32"
        ],
        [
          "/deps/serde-json/value/serializer",
          "serialize_u64"
        ],
        [
          "/deps/serde-json/value/serializer",
          "serialize_u8"
        ],
        [
          "/deps/serde-json/value/serializer",
          "serialize_unit"
        ],
        [
          "/deps/serde-json/value/serializer",
          "serialize_unit_struct"
        ],
        [
          "/deps/serde-json/value/serializer",
          "serialize_unit_variant"
        ]
      ],
      "name": "serde-json",
      "version": "1.0.145"
    }
  ],
  "format": 3,
  "projection_schema": "62",
  "removed": [],
  "resolution": {
    "events": [
      {
        "reason": "bundled projection distribution is deliberately deferred until Terrane has a release artifact channel",
        "source": "BundledArtifact",
        "status": "Skipped"
      },
      {
        "reason": "`TERRANE_PROJECTION_ARTIFACT_URL` is not configured",
        "source": "PublishedArtifact",
        "status": "Skipped"
      },
      {
        "reason": "no reusable exact artifact was available; generated with the pinned local rustdoc toolchain",
        "source": "LocalRustdoc",
        "status": "Generated"
      }
    ],
    "outcome": "LocalRustdoc"
  },
  "rustdoc_format": 57,
  "source": "Local"
}
