{
  "dependencies": [
    {
      "members": {
        "/deps/terrane-reexport-facade-witness": [
          "GeneratedValue",
          "GeneratedValue.into",
          "GeneratedValue.try_into",
          "GeneratedValue.value",
          "GeneratedValue::standard"
        ]
      },
      "name": "terrane-reexport-facade-witness",
      "version": "0.1.0"
    },
    {
      "members": {
        "/deps/terrane-reexport-owner-witness": [
          "GeneratedValue",
          "GeneratedValue.into",
          "GeneratedValue.try_into",
          "GeneratedValue.value",
          "GeneratedValue::standard"
        ]
      },
      "name": "terrane-reexport-owner-witness",
      "version": "0.1.0"
    }
  ],
  "format": 4,
  "removed": [],
  "rustdoc_format": 57,
  "source": "Local"
}
