{
  "dependencies": [
    {
      "members": {
        "/deps/markdown": [
          "CompileOptions",
          "CompileOptions::gfm",
          "Constructs",
          "Constructs::gfm",
          "Constructs::mdx",
          "LineEnding",
          "MdxExpressionKind",
          "MdxSignal",
          "Options",
          "Options::gfm",
          "ParseOptions",
          "ParseOptions::gfm",
          "ParseOptions::mdx",
          "to_html",
          "to_html_with_options",
          "to_mdast"
        ],
        "/deps/markdown/compileoptions": [
          "clone",
          "default"
        ],
        "/deps/markdown/constructs": [
          "clone",
          "default",
          "eq"
        ],
        "/deps/markdown/mdast": [
          "AlignKind",
          "AttributeContent",
          "AttributeValue",
          "AttributeValueExpression",
          "Blockquote",
          "Break",
          "Code",
          "Definition",
          "Delete",
          "Emphasis",
          "FootnoteDefinition",
          "FootnoteReference",
          "Heading",
          "Html",
          "Image",
          "ImageReference",
          "InlineCode",
          "InlineMath",
          "Link",
          "LinkReference",
          "List",
          "ListItem",
          "Math",
          "MdxFlowExpression",
          "MdxJsxAttribute",
          "MdxJsxExpressionAttribute",
          "MdxJsxFlowElement",
          "MdxJsxTextElement",
          "MdxTextExpression",
          "MdxjsEsm",
          "Node",
          "Paragraph",
          "ReferenceKind",
          "Root",
          "Strong",
          "Table",
          "TableCell",
          "TableRow",
          "Text",
          "ThematicBreak",
          "Toml",
          "Yaml"
        ],
        "/deps/markdown/mdast/attributevalueexpression": [
          "clone",
          "eq"
        ],
        "/deps/markdown/mdast/blockquote": [
          "clone",
          "eq"
        ],
        "/deps/markdown/mdast/break": [
          "clone",
          "eq"
        ],
        "/deps/markdown/mdast/code": [
          "clone",
          "eq"
        ],
        "/deps/markdown/mdast/definition": [
          "clone",
          "eq"
        ],
        "/deps/markdown/mdast/delete": [
          "clone",
          "eq"
        ],
        "/deps/markdown/mdast/emphasis": [
          "clone",
          "eq"
        ],
        "/deps/markdown/mdast/footnotedefinition": [
          "clone",
          "eq"
        ],
        "/deps/markdown/mdast/footnotereference": [
          "clone",
          "eq"
        ],
        "/deps/markdown/mdast/heading": [
          "clone",
          "eq"
        ],
        "/deps/markdown/mdast/html": [
          "clone",
          "eq"
        ],
        "/deps/markdown/mdast/image": [
          "clone",
          "eq"
        ],
        "/deps/markdown/mdast/imagereference": [
          "clone",
          "eq"
        ],
        "/deps/markdown/mdast/inlinecode": [
          "clone",
          "eq"
        ],
        "/deps/markdown/mdast/inlinemath": [
          "clone",
          "eq"
        ],
        "/deps/markdown/mdast/link": [
          "clone",
          "eq"
        ],
        "/deps/markdown/mdast/linkreference": [
          "clone",
          "eq"
        ],
        "/deps/markdown/mdast/list": [
          "clone",
          "eq"
        ],
        "/deps/markdown/mdast/listitem": [
          "clone",
          "eq"
        ],
        "/deps/markdown/mdast/math": [
          "clone",
          "eq"
        ],
        "/deps/markdown/mdast/mdxflowexpression": [
          "clone",
          "eq"
        ],
        "/deps/markdown/mdast/mdxjsesm": [
          "clone",
          "eq"
        ],
        "/deps/markdown/mdast/mdxjsxattribute": [
          "clone",
          "eq"
        ],
        "/deps/markdown/mdast/mdxjsxexpressionattribute": [
          "clone",
          "eq"
        ],
        "/deps/markdown/mdast/mdxjsxflowelement": [
          "clone",
          "eq"
        ],
        "/deps/markdown/mdast/mdxjsxtextelement": [
          "clone",
          "eq"
        ],
        "/deps/markdown/mdast/mdxtextexpression": [
          "clone",
          "eq"
        ],
        "/deps/markdown/mdast/paragraph": [
          "clone",
          "eq"
        ],
        "/deps/markdown/mdast/root": [
          "clone",
          "eq"
        ],
        "/deps/markdown/mdast/strong": [
          "clone",
          "eq"
        ],
        "/deps/markdown/mdast/table": [
          "clone",
          "eq"
        ],
        "/deps/markdown/mdast/tablecell": [
          "clone",
          "eq"
        ],
        "/deps/markdown/mdast/tablerow": [
          "clone",
          "eq"
        ],
        "/deps/markdown/mdast/text": [
          "clone",
          "eq"
        ],
        "/deps/markdown/mdast/thematicbreak": [
          "clone",
          "eq"
        ],
        "/deps/markdown/mdast/toml": [
          "clone",
          "eq"
        ],
        "/deps/markdown/mdast/yaml": [
          "clone",
          "eq"
        ],
        "/deps/markdown/message": [
          "Message",
          "Place"
        ],
        "/deps/markdown/message/message": [
          "clone",
          "eq"
        ],
        "/deps/markdown/options": [
          "default"
        ],
        "/deps/markdown/parseoptions": [
          "default"
        ],
        "/deps/markdown/unist": [
          "Point",
          "Point::new",
          "Position",
          "Position::new"
        ],
        "/deps/markdown/unist/point": [
          "clone",
          "eq"
        ],
        "/deps/markdown/unist/position": [
          "clone",
          "eq"
        ],
        "/deps/markdown/util/character-reference": [
          "decode_named",
          "decode_numeric"
        ],
        "/deps/markdown/util/identifier": [
          "id_cont",
          "id_start"
        ],
        "/deps/markdown/util/location": [
          "Location",
          "Location.to_point"
        ],
        "/deps/markdown/util/sanitize-uri": [
          "sanitize"
        ]
      },
      "name": "markdown",
      "version": "1.0.0"
    },
    {
      "members": {
        "/deps/terrane-owner-witness": [
          "DefaultOwner",
          "DefaultOwner.label",
          "DefaultOwner::standard",
          "PlainOwner",
          "PlainOwner.label",
          "PlainOwner::standard"
        ]
      },
      "name": "terrane-owner-witness",
      "version": "0.1.1"
    }
  ],
  "format": 4,
  "removed": [],
  "resolution": {
    "events": [
      {
        "reason": "bundled projection distribution is deliberately deferred until Terrane has a release artifact channel",
        "source": "BundledArtifact",
        "status": "Skipped"
      },
      {
        "reason": "`TERRANE_PROJECTION_ARTIFACT_URL` is not configured",
        "source": "PublishedArtifact",
        "status": "Skipped"
      },
      {
        "reason": "no reusable exact artifact was available; generated with the pinned local rustdoc toolchain",
        "source": "LocalRustdoc",
        "status": "Generated"
      }
    ],
    "outcome": "LocalRustdoc"
  },
  "rustdoc_format": 57,
  "source": "Local"
}
