{
  "dependencies": [
    {
      "members": [
        [
          "/deps/markdown",
          "CompileOptions"
        ],
        [
          "/deps/markdown",
          "CompileOptions::gfm"
        ],
        [
          "/deps/markdown",
          "Constructs"
        ],
        [
          "/deps/markdown",
          "Constructs::gfm"
        ],
        [
          "/deps/markdown",
          "Constructs::mdx"
        ],
        [
          "/deps/markdown",
          "LineEnding"
        ],
        [
          "/deps/markdown",
          "MdxExpressionKind"
        ],
        [
          "/deps/markdown",
          "MdxSignal"
        ],
        [
          "/deps/markdown",
          "Options"
        ],
        [
          "/deps/markdown",
          "Options::gfm"
        ],
        [
          "/deps/markdown",
          "ParseOptions"
        ],
        [
          "/deps/markdown",
          "ParseOptions::gfm"
        ],
        [
          "/deps/markdown",
          "ParseOptions::mdx"
        ],
        [
          "/deps/markdown",
          "to_html"
        ],
        [
          "/deps/markdown",
          "to_html_with_options"
        ],
        [
          "/deps/markdown",
          "to_mdast"
        ],
        [
          "/deps/markdown/lineending",
          "CarriageReturn"
        ],
        [
          "/deps/markdown/lineending",
          "CarriageReturnLineFeed"
        ],
        [
          "/deps/markdown/lineending",
          "LineFeed"
        ],
        [
          "/deps/markdown/mdast",
          "AlignKind"
        ],
        [
          "/deps/markdown/mdast",
          "AttributeContent"
        ],
        [
          "/deps/markdown/mdast",
          "AttributeValue"
        ],
        [
          "/deps/markdown/mdast",
          "AttributeValueExpression"
        ],
        [
          "/deps/markdown/mdast",
          "Blockquote"
        ],
        [
          "/deps/markdown/mdast",
          "Break"
        ],
        [
          "/deps/markdown/mdast",
          "Code"
        ],
        [
          "/deps/markdown/mdast",
          "Definition"
        ],
        [
          "/deps/markdown/mdast",
          "Delete"
        ],
        [
          "/deps/markdown/mdast",
          "Emphasis"
        ],
        [
          "/deps/markdown/mdast",
          "FootnoteDefinition"
        ],
        [
          "/deps/markdown/mdast",
          "FootnoteReference"
        ],
        [
          "/deps/markdown/mdast",
          "Heading"
        ],
        [
          "/deps/markdown/mdast",
          "Html"
        ],
        [
          "/deps/markdown/mdast",
          "Image"
        ],
        [
          "/deps/markdown/mdast",
          "ImageReference"
        ],
        [
          "/deps/markdown/mdast",
          "InlineCode"
        ],
        [
          "/deps/markdown/mdast",
          "InlineMath"
        ],
        [
          "/deps/markdown/mdast",
          "Link"
        ],
        [
          "/deps/markdown/mdast",
          "LinkReference"
        ],
        [
          "/deps/markdown/mdast",
          "List"
        ],
        [
          "/deps/markdown/mdast",
          "ListItem"
        ],
        [
          "/deps/markdown/mdast",
          "Math"
        ],
        [
          "/deps/markdown/mdast",
          "MdxFlowExpression"
        ],
        [
          "/deps/markdown/mdast",
          "MdxJsxAttribute"
        ],
        [
          "/deps/markdown/mdast",
          "MdxJsxExpressionAttribute"
        ],
        [
          "/deps/markdown/mdast",
          "MdxJsxFlowElement"
        ],
        [
          "/deps/markdown/mdast",
          "MdxJsxTextElement"
        ],
        [
          "/deps/markdown/mdast",
          "MdxTextExpression"
        ],
        [
          "/deps/markdown/mdast",
          "MdxjsEsm"
        ],
        [
          "/deps/markdown/mdast",
          "Node"
        ],
        [
          "/deps/markdown/mdast",
          "Paragraph"
        ],
        [
          "/deps/markdown/mdast",
          "ReferenceKind"
        ],
        [
          "/deps/markdown/mdast",
          "Root"
        ],
        [
          "/deps/markdown/mdast",
          "Strong"
        ],
        [
          "/deps/markdown/mdast",
          "Table"
        ],
        [
          "/deps/markdown/mdast",
          "TableCell"
        ],
        [
          "/deps/markdown/mdast",
          "TableRow"
        ],
        [
          "/deps/markdown/mdast",
          "Text"
        ],
        [
          "/deps/markdown/mdast",
          "ThematicBreak"
        ],
        [
          "/deps/markdown/mdast",
          "Toml"
        ],
        [
          "/deps/markdown/mdast",
          "Yaml"
        ],
        [
          "/deps/markdown/mdast/alignkind",
          "Center"
        ],
        [
          "/deps/markdown/mdast/alignkind",
          "Left"
        ],
        [
          "/deps/markdown/mdast/alignkind",
          "None"
        ],
        [
          "/deps/markdown/mdast/alignkind",
          "Right"
        ],
        [
          "/deps/markdown/mdast/referencekind",
          "Collapsed"
        ],
        [
          "/deps/markdown/mdast/referencekind",
          "Full"
        ],
        [
          "/deps/markdown/mdast/referencekind",
          "Shortcut"
        ],
        [
          "/deps/markdown/mdxexpressionkind",
          "AttributeExpression"
        ],
        [
          "/deps/markdown/mdxexpressionkind",
          "AttributeValueExpression"
        ],
        [
          "/deps/markdown/mdxexpressionkind",
          "Expression"
        ],
        [
          "/deps/markdown/message",
          "Message"
        ],
        [
          "/deps/markdown/message",
          "Place"
        ],
        [
          "/deps/markdown/unist",
          "Point"
        ],
        [
          "/deps/markdown/unist",
          "Point::new"
        ],
        [
          "/deps/markdown/unist",
          "Position"
        ],
        [
          "/deps/markdown/unist",
          "Position::new"
        ],
        [
          "/deps/markdown/util/character-reference",
          "decode_named"
        ],
        [
          "/deps/markdown/util/character-reference",
          "decode_numeric"
        ],
        [
          "/deps/markdown/util/identifier",
          "id_cont"
        ],
        [
          "/deps/markdown/util/identifier",
          "id_start"
        ],
        [
          "/deps/markdown/util/location",
          "Location"
        ],
        [
          "/deps/markdown/util/location",
          "Location.to_point"
        ],
        [
          "/deps/markdown/util/sanitize-uri",
          "sanitize"
        ]
      ],
      "name": "markdown",
      "version": "1.0.0"
    },
    {
      "members": [
        [
          "/deps/terrane-owner-witness",
          "DefaultOwner"
        ],
        [
          "/deps/terrane-owner-witness",
          "DefaultOwner.label"
        ],
        [
          "/deps/terrane-owner-witness",
          "DefaultOwner::standard"
        ],
        [
          "/deps/terrane-owner-witness",
          "PlainOwner"
        ],
        [
          "/deps/terrane-owner-witness",
          "PlainOwner.label"
        ],
        [
          "/deps/terrane-owner-witness",
          "PlainOwner::standard"
        ]
      ],
      "name": "terrane-owner-witness",
      "version": "0.1.0"
    }
  ],
  "format": 3,
  "projection_schema": "45",
  "removed": [],
  "resolution": {
    "events": [
      {
        "reason": "bundled projection distribution is deliberately deferred until Terrane has a release artifact channel",
        "source": "BundledArtifact",
        "status": "Skipped"
      },
      {
        "reason": "`TERRANE_PROJECTION_ARTIFACT_URL` is not configured",
        "source": "PublishedArtifact",
        "status": "Skipped"
      },
      {
        "reason": "no reusable exact artifact was available; generated with the pinned local rustdoc toolchain",
        "source": "LocalRustdoc",
        "status": "Generated"
      }
    ],
    "outcome": "LocalRustdoc"
  },
  "rustdoc_format": 57,
  "source": "Local"
}
