{
  "dependencies": [
    {
      "members": [
        [
          "/deps/markdown",
          "CompileOptions"
        ],
        [
          "/deps/markdown",
          "CompileOptions::gfm"
        ],
        [
          "/deps/markdown",
          "Constructs"
        ],
        [
          "/deps/markdown",
          "Constructs::gfm"
        ],
        [
          "/deps/markdown",
          "Constructs::mdx"
        ],
        [
          "/deps/markdown",
          "LineEnding"
        ],
        [
          "/deps/markdown",
          "MdxExpressionKind"
        ],
        [
          "/deps/markdown",
          "MdxSignal"
        ],
        [
          "/deps/markdown",
          "Options"
        ],
        [
          "/deps/markdown",
          "Options::gfm"
        ],
        [
          "/deps/markdown",
          "ParseOptions"
        ],
        [
          "/deps/markdown",
          "ParseOptions::gfm"
        ],
        [
          "/deps/markdown",
          "ParseOptions::mdx"
        ],
        [
          "/deps/markdown",
          "to_html"
        ],
        [
          "/deps/markdown",
          "to_html_with_options"
        ],
        [
          "/deps/markdown",
          "to_mdast"
        ],
        [
          "/deps/markdown/compileoptions",
          "clone"
        ],
        [
          "/deps/markdown/compileoptions",
          "default"
        ],
        [
          "/deps/markdown/constructs",
          "clone"
        ],
        [
          "/deps/markdown/constructs",
          "default"
        ],
        [
          "/deps/markdown/constructs",
          "eq"
        ],
        [
          "/deps/markdown/mdast",
          "AlignKind"
        ],
        [
          "/deps/markdown/mdast",
          "AttributeContent"
        ],
        [
          "/deps/markdown/mdast",
          "AttributeValue"
        ],
        [
          "/deps/markdown/mdast",
          "AttributeValueExpression"
        ],
        [
          "/deps/markdown/mdast",
          "Blockquote"
        ],
        [
          "/deps/markdown/mdast",
          "Break"
        ],
        [
          "/deps/markdown/mdast",
          "Code"
        ],
        [
          "/deps/markdown/mdast",
          "Definition"
        ],
        [
          "/deps/markdown/mdast",
          "Delete"
        ],
        [
          "/deps/markdown/mdast",
          "Emphasis"
        ],
        [
          "/deps/markdown/mdast",
          "FootnoteDefinition"
        ],
        [
          "/deps/markdown/mdast",
          "FootnoteReference"
        ],
        [
          "/deps/markdown/mdast",
          "Heading"
        ],
        [
          "/deps/markdown/mdast",
          "Html"
        ],
        [
          "/deps/markdown/mdast",
          "Image"
        ],
        [
          "/deps/markdown/mdast",
          "ImageReference"
        ],
        [
          "/deps/markdown/mdast",
          "InlineCode"
        ],
        [
          "/deps/markdown/mdast",
          "InlineMath"
        ],
        [
          "/deps/markdown/mdast",
          "Link"
        ],
        [
          "/deps/markdown/mdast",
          "LinkReference"
        ],
        [
          "/deps/markdown/mdast",
          "List"
        ],
        [
          "/deps/markdown/mdast",
          "ListItem"
        ],
        [
          "/deps/markdown/mdast",
          "Math"
        ],
        [
          "/deps/markdown/mdast",
          "MdxFlowExpression"
        ],
        [
          "/deps/markdown/mdast",
          "MdxJsxAttribute"
        ],
        [
          "/deps/markdown/mdast",
          "MdxJsxExpressionAttribute"
        ],
        [
          "/deps/markdown/mdast",
          "MdxJsxFlowElement"
        ],
        [
          "/deps/markdown/mdast",
          "MdxJsxTextElement"
        ],
        [
          "/deps/markdown/mdast",
          "MdxTextExpression"
        ],
        [
          "/deps/markdown/mdast",
          "MdxjsEsm"
        ],
        [
          "/deps/markdown/mdast",
          "Node"
        ],
        [
          "/deps/markdown/mdast",
          "Paragraph"
        ],
        [
          "/deps/markdown/mdast",
          "ReferenceKind"
        ],
        [
          "/deps/markdown/mdast",
          "Root"
        ],
        [
          "/deps/markdown/mdast",
          "Strong"
        ],
        [
          "/deps/markdown/mdast",
          "Table"
        ],
        [
          "/deps/markdown/mdast",
          "TableCell"
        ],
        [
          "/deps/markdown/mdast",
          "TableRow"
        ],
        [
          "/deps/markdown/mdast",
          "Text"
        ],
        [
          "/deps/markdown/mdast",
          "ThematicBreak"
        ],
        [
          "/deps/markdown/mdast",
          "Toml"
        ],
        [
          "/deps/markdown/mdast",
          "Yaml"
        ],
        [
          "/deps/markdown/mdast/attributevalueexpression",
          "clone"
        ],
        [
          "/deps/markdown/mdast/attributevalueexpression",
          "eq"
        ],
        [
          "/deps/markdown/mdast/blockquote",
          "clone"
        ],
        [
          "/deps/markdown/mdast/blockquote",
          "eq"
        ],
        [
          "/deps/markdown/mdast/break",
          "clone"
        ],
        [
          "/deps/markdown/mdast/break",
          "eq"
        ],
        [
          "/deps/markdown/mdast/code",
          "clone"
        ],
        [
          "/deps/markdown/mdast/code",
          "eq"
        ],
        [
          "/deps/markdown/mdast/definition",
          "clone"
        ],
        [
          "/deps/markdown/mdast/definition",
          "eq"
        ],
        [
          "/deps/markdown/mdast/delete",
          "clone"
        ],
        [
          "/deps/markdown/mdast/delete",
          "eq"
        ],
        [
          "/deps/markdown/mdast/emphasis",
          "clone"
        ],
        [
          "/deps/markdown/mdast/emphasis",
          "eq"
        ],
        [
          "/deps/markdown/mdast/footnotedefinition",
          "clone"
        ],
        [
          "/deps/markdown/mdast/footnotedefinition",
          "eq"
        ],
        [
          "/deps/markdown/mdast/footnotereference",
          "clone"
        ],
        [
          "/deps/markdown/mdast/footnotereference",
          "eq"
        ],
        [
          "/deps/markdown/mdast/heading",
          "clone"
        ],
        [
          "/deps/markdown/mdast/heading",
          "eq"
        ],
        [
          "/deps/markdown/mdast/html",
          "clone"
        ],
        [
          "/deps/markdown/mdast/html",
          "eq"
        ],
        [
          "/deps/markdown/mdast/image",
          "clone"
        ],
        [
          "/deps/markdown/mdast/image",
          "eq"
        ],
        [
          "/deps/markdown/mdast/imagereference",
          "clone"
        ],
        [
          "/deps/markdown/mdast/imagereference",
          "eq"
        ],
        [
          "/deps/markdown/mdast/inlinecode",
          "clone"
        ],
        [
          "/deps/markdown/mdast/inlinecode",
          "eq"
        ],
        [
          "/deps/markdown/mdast/inlinemath",
          "clone"
        ],
        [
          "/deps/markdown/mdast/inlinemath",
          "eq"
        ],
        [
          "/deps/markdown/mdast/link",
          "clone"
        ],
        [
          "/deps/markdown/mdast/link",
          "eq"
        ],
        [
          "/deps/markdown/mdast/linkreference",
          "clone"
        ],
        [
          "/deps/markdown/mdast/linkreference",
          "eq"
        ],
        [
          "/deps/markdown/mdast/list",
          "clone"
        ],
        [
          "/deps/markdown/mdast/list",
          "eq"
        ],
        [
          "/deps/markdown/mdast/listitem",
          "clone"
        ],
        [
          "/deps/markdown/mdast/listitem",
          "eq"
        ],
        [
          "/deps/markdown/mdast/math",
          "clone"
        ],
        [
          "/deps/markdown/mdast/math",
          "eq"
        ],
        [
          "/deps/markdown/mdast/mdxflowexpression",
          "clone"
        ],
        [
          "/deps/markdown/mdast/mdxflowexpression",
          "eq"
        ],
        [
          "/deps/markdown/mdast/mdxjsesm",
          "clone"
        ],
        [
          "/deps/markdown/mdast/mdxjsesm",
          "eq"
        ],
        [
          "/deps/markdown/mdast/mdxjsxattribute",
          "clone"
        ],
        [
          "/deps/markdown/mdast/mdxjsxattribute",
          "eq"
        ],
        [
          "/deps/markdown/mdast/mdxjsxexpressionattribute",
          "clone"
        ],
        [
          "/deps/markdown/mdast/mdxjsxexpressionattribute",
          "eq"
        ],
        [
          "/deps/markdown/mdast/mdxjsxflowelement",
          "clone"
        ],
        [
          "/deps/markdown/mdast/mdxjsxflowelement",
          "eq"
        ],
        [
          "/deps/markdown/mdast/mdxjsxtextelement",
          "clone"
        ],
        [
          "/deps/markdown/mdast/mdxjsxtextelement",
          "eq"
        ],
        [
          "/deps/markdown/mdast/mdxtextexpression",
          "clone"
        ],
        [
          "/deps/markdown/mdast/mdxtextexpression",
          "eq"
        ],
        [
          "/deps/markdown/mdast/paragraph",
          "clone"
        ],
        [
          "/deps/markdown/mdast/paragraph",
          "eq"
        ],
        [
          "/deps/markdown/mdast/root",
          "clone"
        ],
        [
          "/deps/markdown/mdast/root",
          "eq"
        ],
        [
          "/deps/markdown/mdast/strong",
          "clone"
        ],
        [
          "/deps/markdown/mdast/strong",
          "eq"
        ],
        [
          "/deps/markdown/mdast/table",
          "clone"
        ],
        [
          "/deps/markdown/mdast/table",
          "eq"
        ],
        [
          "/deps/markdown/mdast/tablecell",
          "clone"
        ],
        [
          "/deps/markdown/mdast/tablecell",
          "eq"
        ],
        [
          "/deps/markdown/mdast/tablerow",
          "clone"
        ],
        [
          "/deps/markdown/mdast/tablerow",
          "eq"
        ],
        [
          "/deps/markdown/mdast/text",
          "clone"
        ],
        [
          "/deps/markdown/mdast/text",
          "eq"
        ],
        [
          "/deps/markdown/mdast/thematicbreak",
          "clone"
        ],
        [
          "/deps/markdown/mdast/thematicbreak",
          "eq"
        ],
        [
          "/deps/markdown/mdast/toml",
          "clone"
        ],
        [
          "/deps/markdown/mdast/toml",
          "eq"
        ],
        [
          "/deps/markdown/mdast/yaml",
          "clone"
        ],
        [
          "/deps/markdown/mdast/yaml",
          "eq"
        ],
        [
          "/deps/markdown/message",
          "Message"
        ],
        [
          "/deps/markdown/message",
          "Place"
        ],
        [
          "/deps/markdown/message/message",
          "clone"
        ],
        [
          "/deps/markdown/message/message",
          "eq"
        ],
        [
          "/deps/markdown/options",
          "default"
        ],
        [
          "/deps/markdown/parseoptions",
          "default"
        ],
        [
          "/deps/markdown/unist",
          "Point"
        ],
        [
          "/deps/markdown/unist",
          "Point::new"
        ],
        [
          "/deps/markdown/unist",
          "Position"
        ],
        [
          "/deps/markdown/unist",
          "Position::new"
        ],
        [
          "/deps/markdown/unist/point",
          "clone"
        ],
        [
          "/deps/markdown/unist/point",
          "eq"
        ],
        [
          "/deps/markdown/unist/position",
          "clone"
        ],
        [
          "/deps/markdown/unist/position",
          "eq"
        ],
        [
          "/deps/markdown/util/character-reference",
          "decode_named"
        ],
        [
          "/deps/markdown/util/character-reference",
          "decode_numeric"
        ],
        [
          "/deps/markdown/util/identifier",
          "id_cont"
        ],
        [
          "/deps/markdown/util/identifier",
          "id_start"
        ],
        [
          "/deps/markdown/util/location",
          "Location"
        ],
        [
          "/deps/markdown/util/location",
          "Location.to_point"
        ],
        [
          "/deps/markdown/util/sanitize-uri",
          "sanitize"
        ]
      ],
      "name": "markdown",
      "version": "1.0.0"
    },
    {
      "members": [
        [
          "/deps/terrane-owner-witness",
          "DefaultOwner"
        ],
        [
          "/deps/terrane-owner-witness",
          "DefaultOwner.label"
        ],
        [
          "/deps/terrane-owner-witness",
          "DefaultOwner::standard"
        ],
        [
          "/deps/terrane-owner-witness",
          "PlainOwner"
        ],
        [
          "/deps/terrane-owner-witness",
          "PlainOwner.label"
        ],
        [
          "/deps/terrane-owner-witness",
          "PlainOwner::standard"
        ]
      ],
      "name": "terrane-owner-witness",
      "version": "0.1.1"
    }
  ],
  "format": 3,
  "removed": [],
  "resolution": {
    "events": [
      {
        "reason": "bundled projection distribution is deliberately deferred until Terrane has a release artifact channel",
        "source": "BundledArtifact",
        "status": "Skipped"
      },
      {
        "reason": "`TERRANE_PROJECTION_ARTIFACT_URL` is not configured",
        "source": "PublishedArtifact",
        "status": "Skipped"
      },
      {
        "reason": "no reusable exact artifact was available; generated with the pinned local rustdoc toolchain",
        "source": "LocalRustdoc",
        "status": "Generated"
      }
    ],
    "outcome": "LocalRustdoc"
  },
  "rustdoc_format": 57,
  "source": "Local"
}
