{
  "dependencies": [
    {
      "members": {
        "/deps/terrane-generic-mismatch-witness": [
          "compose",
          "open_callback"
        ]
      },
      "name": "terrane-generic-mismatch-witness",
      "version": "0.1.1"
    }
  ],
  "format": 4,
  "removed": [],
  "rustdoc_format": 57,
  "source": "Local"
}
