# This file is automatically @generated by Cargo.
# It is not intended for manual editing.
version = 4

[[package]]
name = "terrane-unrepresentable-enum-payload-witness"
version = "0.1.0"

[[package]]
name = "terrane_dependency_projection"
version = "0.0.0"
dependencies = [
 "terrane-unrepresentable-enum-payload-witness",
]
