{
  "bound_dependencies": [
    {
      "name": "__terrane_recursive_bytes",
      "package": "bytes",
      "version": "=1.12.1"
    },
    {
      "name": "__terrane_recursive_form_urlencoded",
      "package": "form_urlencoded",
      "version": "=1.2.2"
    },
    {
      "name": "__terrane_recursive_http_body",
      "package": "http-body",
      "version": "=1.1.0"
    },
    {
      "name": "__terrane_recursive_hyper",
      "package": "hyper",
      "version": "=1.11.1"
    },
    {
      "name": "__terrane_recursive_url",
      "package": "url",
      "version": "=2.5.8"
    },
    {
      "name": "serde_core",
      "package": "serde_core",
      "version": "=1.0.229"
    }
  ],
  "dependencies": [
    {
      "members": {
        "/deps/http": [
          "Error",
          "Error.is",
          "Extensions",
          "Extensions.clear",
          "Extensions.extend",
          "Extensions.get_or_insert",
          "Extensions.insert",
          "Extensions.is_empty",
          "Extensions.len",
          "Extensions.remove",
          "Extensions::new",
          "HeaderMap",
          "HeaderMap.append",
          "HeaderMap.capacity",
          "HeaderMap.clear",
          "HeaderMap.contains_key",
          "HeaderMap.drain",
          "HeaderMap.entry",
          "HeaderMap.get",
          "HeaderMap.get_all",
          "HeaderMap.get_mut",
          "HeaderMap.insert",
          "HeaderMap.is_empty",
          "HeaderMap.iter",
          "HeaderMap.iter_mut",
          "HeaderMap.keys",
          "HeaderMap.keys_len",
          "HeaderMap.len",
          "HeaderMap.remove",
          "HeaderMap.reserve",
          "HeaderMap.try_append",
          "HeaderMap.try_entry",
          "HeaderMap.try_insert",
          "HeaderMap.try_reserve",
          "HeaderMap.values",
          "HeaderMap.values_mut",
          "HeaderMap::new",
          "HeaderMap::try_with_capacity",
          "HeaderMap::with_capacity",
          "HeaderName",
          "HeaderName.as_str",
          "HeaderName::from_static",
          "HeaderValue",
          "HeaderValue.is_empty",
          "HeaderValue.is_sensitive",
          "HeaderValue.len",
          "HeaderValue.set_sensitive",
          "HeaderValue.to_str",
          "HeaderValue::from_maybe_shared",
          "HeaderValue::from_maybe_shared_unchecked",
          "HeaderValue::from_name",
          "HeaderValue::from_static",
          "HeaderValue::from_str",
          "Method",
          "Method.as_str",
          "Method.is_idempotent",
          "Method.is_safe",
          "StatusCode",
          "StatusCode.as_str",
          "StatusCode.as_u16",
          "StatusCode.canonical_reason",
          "StatusCode.is_client_error",
          "StatusCode.is_informational",
          "StatusCode.is_redirection",
          "StatusCode.is_server_error",
          "StatusCode.is_success",
          "StatusCode::from_u16",
          "Uri",
          "Uri.authority",
          "Uri.host",
          "Uri.into_parts",
          "Uri.path",
          "Uri.path_and_query",
          "Uri.port",
          "Uri.port_u16",
          "Uri.query",
          "Uri.scheme",
          "Uri.scheme_str",
          "Uri::builder",
          "Uri::from_maybe_shared",
          "Uri::from_parts",
          "Uri::from_static",
          "Version"
        ],
        "/deps/http/error/trait/core/convert/from-core/convert/infallible": [
          "from"
        ],
        "/deps/http/error/trait/core/convert/from-http/header/invalidheadername": [
          "from"
        ],
        "/deps/http/error/trait/core/convert/from-http/header/invalidheadervalue": [
          "from"
        ],
        "/deps/http/error/trait/core/convert/from-http/header/maxsizereached": [
          "from"
        ],
        "/deps/http/error/trait/core/convert/from-http/method/invalidmethod": [
          "from"
        ],
        "/deps/http/error/trait/core/convert/from-http/status/invalidstatuscode": [
          "from"
        ],
        "/deps/http/error/trait/core/convert/from-http/uri/invaliduri": [
          "from"
        ],
        "/deps/http/error/trait/core/convert/from-http/uri/invaliduriparts": [
          "from"
        ],
        "/deps/http/extensions": [
          "clone",
          "default"
        ],
        "/deps/http/header": [
          "InvalidHeaderName",
          "InvalidHeaderValue",
          "MaxSizeReached",
          "ToStrError"
        ],
        "/deps/http/header/invalidheadername": [
          "from"
        ],
        "/deps/http/header/invalidheadervalue": [
          "from"
        ],
        "/deps/http/header/map/as-header-name": [
          "TryEntryError"
        ],
        "/deps/http/header/maxsizereached": [
          "from"
        ],
        "/deps/http/headermap": [
          "clone",
          "default",
          "eq",
          "from_iter"
        ],
        "/deps/http/headermap/trait/core/iter/traits/collect/extend-core/option/option-http/headername-http/headervalue": [
          "extend"
        ],
        "/deps/http/headermap/trait/core/iter/traits/collect/extend-http/headername-http/headervalue": [
          "extend"
        ],
        "/deps/http/headername": [
          "as_ref",
          "assert_fields_are_eq",
          "borrow",
          "clone",
          "from_str"
        ],
        "/deps/http/headername/trait/core/cmp/partialeq": [
          "eq"
        ],
        "/deps/http/headername/trait/core/cmp/partialeq-a-http/headername": [
          "eq"
        ],
        "/deps/http/headername/trait/core/cmp/partialeq-a-str": [
          "eq"
        ],
        "/deps/http/headername/trait/core/cmp/partialeq-str": [
          "eq"
        ],
        "/deps/http/headername/trait/core/convert/from-a-http/headername": [
          "from"
        ],
        "/deps/http/headername/trait/core/convert/from-http/headername": [
          "from"
        ],
        "/deps/http/headername/trait/core/convert/tryfrom-a-std/string/string": [
          "try_from"
        ],
        "/deps/http/headername/trait/core/convert/tryfrom-a-str": [
          "try_from"
        ],
        "/deps/http/headername/trait/core/convert/tryfrom-std/string/string": [
          "try_from"
        ],
        "/deps/http/headername/trait/core/convert/tryfrom-std/vec/vec-u8": [
          "try_from"
        ],
        "/deps/http/headervalue": [
          "clone",
          "cmp",
          "from_str"
        ],
        "/deps/http/headervalue/trait/core/cmp/partialeq": [
          "eq"
        ],
        "/deps/http/headervalue/trait/core/cmp/partialeq-std/string/string": [
          "eq"
        ],
        "/deps/http/headervalue/trait/core/cmp/partialeq-str": [
          "eq"
        ],
        "/deps/http/headervalue/trait/core/cmp/partialord": [
          "partial_cmp"
        ],
        "/deps/http/headervalue/trait/core/cmp/partialord-std/string/string": [
          "partial_cmp"
        ],
        "/deps/http/headervalue/trait/core/cmp/partialord-str": [
          "partial_cmp"
        ],
        "/deps/http/headervalue/trait/core/convert/from-a-http/headervalue": [
          "from"
        ],
        "/deps/http/headervalue/trait/core/convert/from-http/headername": [
          "from"
        ],
        "/deps/http/headervalue/trait/core/convert/from-i16": [
          "from"
        ],
        "/deps/http/headervalue/trait/core/convert/from-i32": [
          "from"
        ],
        "/deps/http/headervalue/trait/core/convert/from-i64": [
          "from"
        ],
        "/deps/http/headervalue/trait/core/convert/from-isize": [
          "from"
        ],
        "/deps/http/headervalue/trait/core/convert/from-u16": [
          "from"
        ],
        "/deps/http/headervalue/trait/core/convert/from-u32": [
          "from"
        ],
        "/deps/http/headervalue/trait/core/convert/from-u64": [
          "from"
        ],
        "/deps/http/headervalue/trait/core/convert/from-usize": [
          "from"
        ],
        "/deps/http/headervalue/trait/core/convert/tryfrom-a-std/string/string": [
          "try_from"
        ],
        "/deps/http/headervalue/trait/core/convert/tryfrom-a-str": [
          "try_from"
        ],
        "/deps/http/headervalue/trait/core/convert/tryfrom-std/string/string": [
          "try_from"
        ],
        "/deps/http/headervalue/trait/core/convert/tryfrom-std/vec/vec-u8": [
          "try_from"
        ],
        "/deps/http/method": [
          "InvalidMethod",
          "as_ref",
          "assert_fields_are_eq",
          "clone",
          "default",
          "from",
          "from_str",
          "try_from"
        ],
        "/deps/http/method/invalidmethod": [
          "from"
        ],
        "/deps/http/method/trait/core/cmp/partialeq": [
          "eq"
        ],
        "/deps/http/method/trait/core/cmp/partialeq-a-http/method": [
          "eq"
        ],
        "/deps/http/method/trait/core/cmp/partialeq-a-str": [
          "eq"
        ],
        "/deps/http/method/trait/core/cmp/partialeq-str": [
          "eq"
        ],
        "/deps/http/request": [
          "Builder",
          "Builder.body",
          "Builder.extension",
          "Builder.extensions_mut",
          "Builder.extensions_ref",
          "Builder.header",
          "Builder.headers_mut",
          "Builder.headers_ref",
          "Builder.method",
          "Builder.method_ref",
          "Builder.uri",
          "Builder.uri_ref",
          "Builder.version",
          "Builder.version_ref",
          "Builder::new",
          "Parts"
        ],
        "/deps/http/request/builder": [
          "default"
        ],
        "/deps/http/request/parts": [
          "clone"
        ],
        "/deps/http/response": [
          "Builder",
          "Builder.body",
          "Builder.extension",
          "Builder.extensions_mut",
          "Builder.extensions_ref",
          "Builder.header",
          "Builder.headers_mut",
          "Builder.headers_ref",
          "Builder.status",
          "Builder.version",
          "Builder::new",
          "Parts"
        ],
        "/deps/http/response/builder": [
          "default"
        ],
        "/deps/http/response/parts": [
          "clone"
        ],
        "/deps/http/status": [
          "InvalidStatusCode"
        ],
        "/deps/http/status/invalidstatuscode": [
          "from"
        ],
        "/deps/http/statuscode": [
          "assert_fields_are_eq",
          "clone",
          "cmp",
          "default",
          "from_str",
          "partial_cmp"
        ],
        "/deps/http/statuscode/trait/core/cmp/partialeq": [
          "eq"
        ],
        "/deps/http/statuscode/trait/core/cmp/partialeq-http/statuscode": [
          "eq"
        ],
        "/deps/http/statuscode/trait/core/cmp/partialeq-u16": [
          "eq"
        ],
        "/deps/http/statuscode/trait/core/convert/from-a-http/statuscode": [
          "from"
        ],
        "/deps/http/statuscode/trait/core/convert/from-http/statuscode": [
          "from"
        ],
        "/deps/http/statuscode/trait/core/convert/tryfrom-a-str": [
          "try_from"
        ],
        "/deps/http/statuscode/trait/core/convert/tryfrom-u16": [
          "try_from"
        ],
        "/deps/http/uri": [
          "Authority",
          "Authority.as_str",
          "Authority.host",
          "Authority.port",
          "Authority.port_u16",
          "Authority::from_maybe_shared",
          "Authority::from_static",
          "Builder",
          "Builder.authority",
          "Builder.build",
          "Builder.path_and_query",
          "Builder.scheme",
          "Builder::new",
          "InvalidUri",
          "InvalidUriParts",
          "Parts",
          "PathAndQuery",
          "PathAndQuery.as_str",
          "PathAndQuery.path",
          "PathAndQuery.query",
          "PathAndQuery::from_maybe_shared",
          "PathAndQuery::from_static",
          "Scheme",
          "Scheme.as_str",
          "clone",
          "default",
          "from_str"
        ],
        "/deps/http/uri/authority": [
          "as_ref",
          "clone",
          "from",
          "from_str"
        ],
        "/deps/http/uri/authority/trait/core/cmp/partialeq": [
          "eq"
        ],
        "/deps/http/uri/authority/trait/core/cmp/partialeq-a-str": [
          "eq"
        ],
        "/deps/http/uri/authority/trait/core/cmp/partialeq-std/string/string": [
          "eq"
        ],
        "/deps/http/uri/authority/trait/core/cmp/partialeq-str": [
          "eq"
        ],
        "/deps/http/uri/authority/trait/core/cmp/partialord": [
          "partial_cmp"
        ],
        "/deps/http/uri/authority/trait/core/cmp/partialord-a-str": [
          "partial_cmp"
        ],
        "/deps/http/uri/authority/trait/core/cmp/partialord-std/string/string": [
          "partial_cmp"
        ],
        "/deps/http/uri/authority/trait/core/cmp/partialord-str": [
          "partial_cmp"
        ],
        "/deps/http/uri/authority/trait/core/convert/tryfrom-a-str": [
          "try_from"
        ],
        "/deps/http/uri/authority/trait/core/convert/tryfrom-std/string/string": [
          "try_from"
        ],
        "/deps/http/uri/authority/trait/core/convert/tryfrom-std/vec/vec-u8": [
          "try_from"
        ],
        "/deps/http/uri/builder": [
          "default",
          "from"
        ],
        "/deps/http/uri/invaliduri": [
          "from"
        ],
        "/deps/http/uri/invaliduriparts": [
          "from"
        ],
        "/deps/http/uri/parts": [
          "default",
          "from",
          "try_from"
        ],
        "/deps/http/uri/pathandquery": [
          "clone",
          "from",
          "from_str"
        ],
        "/deps/http/uri/pathandquery/trait/core/cmp/partialeq": [
          "eq"
        ],
        "/deps/http/uri/pathandquery/trait/core/cmp/partialeq-a-str": [
          "eq"
        ],
        "/deps/http/uri/pathandquery/trait/core/cmp/partialeq-std/string/string": [
          "eq"
        ],
        "/deps/http/uri/pathandquery/trait/core/cmp/partialeq-str": [
          "eq"
        ],
        "/deps/http/uri/pathandquery/trait/core/cmp/partialord": [
          "partial_cmp"
        ],
        "/deps/http/uri/pathandquery/trait/core/cmp/partialord-a-str": [
          "partial_cmp"
        ],
        "/deps/http/uri/pathandquery/trait/core/cmp/partialord-std/string/string": [
          "partial_cmp"
        ],
        "/deps/http/uri/pathandquery/trait/core/cmp/partialord-str": [
          "partial_cmp"
        ],
        "/deps/http/uri/pathandquery/trait/core/convert/tryfrom-a-str": [
          "try_from"
        ],
        "/deps/http/uri/pathandquery/trait/core/convert/tryfrom-std/vec/vec-u8": [
          "try_from"
        ],
        "/deps/http/uri/scheme": [
          "as_ref",
          "clone",
          "from_str",
          "try_from"
        ],
        "/deps/http/uri/scheme/trait/core/cmp/partialeq": [
          "eq"
        ],
        "/deps/http/uri/scheme/trait/core/cmp/partialeq-http/uri/scheme": [
          "eq"
        ],
        "/deps/http/uri/scheme/trait/core/cmp/partialeq-str": [
          "eq"
        ],
        "/deps/http/uri/trait/core/cmp/partialeq": [
          "eq"
        ],
        "/deps/http/uri/trait/core/cmp/partialeq-a-str": [
          "eq"
        ],
        "/deps/http/uri/trait/core/cmp/partialeq-str": [
          "eq"
        ],
        "/deps/http/uri/trait/core/convert/from-http/uri/authority": [
          "from"
        ],
        "/deps/http/uri/trait/core/convert/from-http/uri/pathandquery": [
          "from"
        ],
        "/deps/http/uri/trait/core/convert/tryfrom-a-http/uri": [
          "try_from"
        ],
        "/deps/http/uri/trait/core/convert/tryfrom-a-std/string/string": [
          "try_from"
        ],
        "/deps/http/uri/trait/core/convert/tryfrom-a-str": [
          "try_from"
        ],
        "/deps/http/uri/trait/core/convert/tryfrom-http/uri/parts": [
          "try_from"
        ],
        "/deps/http/uri/trait/core/convert/tryfrom-std/string/string": [
          "try_from"
        ],
        "/deps/http/uri/trait/core/convert/tryfrom-std/vec/vec-u8": [
          "try_from"
        ],
        "/deps/http/version": [
          "assert_fields_are_eq",
          "clone",
          "cmp",
          "default",
          "eq",
          "partial_cmp"
        ]
      },
      "name": "http",
      "version": "1.3.1"
    },
    {
      "members": {
        "/deps/reqwest": [
          "Body",
          "Body::wrap",
          "Certificate",
          "Client",
          "Client.delete",
          "Client.get",
          "Client.head",
          "Client.patch",
          "Client.post",
          "Client.put",
          "Client.request",
          "Client::builder",
          "Client::new",
          "ClientBuilder",
          "ClientBuilder.add_crl",
          "ClientBuilder.add_crls",
          "ClientBuilder.add_root_certificate",
          "ClientBuilder.build",
          "ClientBuilder.connect_timeout",
          "ClientBuilder.connection_verbose",
          "ClientBuilder.danger_accept_invalid_certs",
          "ClientBuilder.danger_accept_invalid_hostnames",
          "ClientBuilder.default_headers",
          "ClientBuilder.dns_resolver",
          "ClientBuilder.dns_resolver2",
          "ClientBuilder.http09_responses",
          "ClientBuilder.http1_allow_obsolete_multiline_headers_in_responses",
          "ClientBuilder.http1_allow_spaces_after_header_name_in_responses",
          "ClientBuilder.http1_ignore_invalid_headers_in_responses",
          "ClientBuilder.http1_only",
          "ClientBuilder.http1_title_case_headers",
          "ClientBuilder.https_only",
          "ClientBuilder.identity",
          "ClientBuilder.interface",
          "ClientBuilder.local_address",
          "ClientBuilder.max_tls_version",
          "ClientBuilder.min_tls_version",
          "ClientBuilder.no_brotli",
          "ClientBuilder.no_deflate",
          "ClientBuilder.no_gzip",
          "ClientBuilder.no_hickory_dns",
          "ClientBuilder.no_proxy",
          "ClientBuilder.no_zstd",
          "ClientBuilder.pool_idle_timeout",
          "ClientBuilder.pool_max_idle_per_host",
          "ClientBuilder.proxy",
          "ClientBuilder.read_timeout",
          "ClientBuilder.redirect",
          "ClientBuilder.referer",
          "ClientBuilder.resolve",
          "ClientBuilder.retry",
          "ClientBuilder.tcp_keepalive",
          "ClientBuilder.tcp_keepalive_interval",
          "ClientBuilder.tcp_keepalive_retries",
          "ClientBuilder.tcp_nodelay",
          "ClientBuilder.tcp_user_timeout",
          "ClientBuilder.timeout",
          "ClientBuilder.tls_built_in_root_certs",
          "ClientBuilder.tls_built_in_webpki_certs",
          "ClientBuilder.tls_info",
          "ClientBuilder.tls_sni",
          "ClientBuilder.unix_socket",
          "ClientBuilder.use_preconfigured_tls",
          "ClientBuilder.use_rustls_tls",
          "ClientBuilder.user_agent",
          "ClientBuilder::new",
          "Error",
          "Error.is_body",
          "Error.is_builder",
          "Error.is_connect",
          "Error.is_decode",
          "Error.is_redirect",
          "Error.is_request",
          "Error.is_status",
          "Error.is_timeout",
          "Error.status",
          "Error.url",
          "Error.url_mut",
          "Error.with_url",
          "Error.without_url",
          "Identity",
          "Method",
          "Method.as_str",
          "Method.is_idempotent",
          "Method.is_safe",
          "NoProxy",
          "NoProxy::from_env",
          "NoProxy::from_string",
          "Proxy",
          "Proxy.basic_auth",
          "Proxy.custom_http_auth",
          "Proxy.headers",
          "Proxy.no_proxy",
          "Proxy::all",
          "Proxy::custom",
          "Proxy::http",
          "Proxy::https",
          "Request",
          "Request.body",
          "Request.body_mut",
          "Request.headers",
          "Request.headers_mut",
          "Request.method",
          "Request.method_mut",
          "Request.timeout",
          "Request.timeout_mut",
          "Request.try_clone",
          "Request.url",
          "Request.url_mut",
          "Request.version",
          "Request.version_mut",
          "Request::new",
          "RequestBuilder",
          "RequestBuilder.basic_auth",
          "RequestBuilder.bearer_auth",
          "RequestBuilder.body",
          "RequestBuilder.build",
          "RequestBuilder.form",
          "RequestBuilder.header",
          "RequestBuilder.headers",
          "RequestBuilder.query",
          "RequestBuilder.timeout",
          "RequestBuilder.try_clone",
          "RequestBuilder.version",
          "RequestBuilder::from_parts",
          "Response",
          "Response.bytes",
          "Response.chunk",
          "Response.content_length",
          "Response.error_for_status",
          "Response.error_for_status_ref",
          "Response.extensions",
          "Response.extensions_mut",
          "Response.headers",
          "Response.headers_mut",
          "Response.remote_addr",
          "Response.status",
          "Response.text",
          "Response.upgrade",
          "Response.url",
          "Response.version",
          "StatusCode",
          "StatusCode.as_str",
          "StatusCode.as_u16",
          "StatusCode.canonical_reason",
          "StatusCode.is_client_error",
          "StatusCode.is_informational",
          "StatusCode.is_redirection",
          "StatusCode.is_server_error",
          "StatusCode.is_success",
          "StatusCode::from_u16",
          "Upgraded",
          "Url",
          "Url.as_str",
          "Url.authority",
          "Url.cannot_be_a_base",
          "Url.check_invariants",
          "Url.domain",
          "Url.fragment",
          "Url.has_authority",
          "Url.has_host",
          "Url.host",
          "Url.host_str",
          "Url.into_string",
          "Url.is_special",
          "Url.make_relative",
          "Url.origin",
          "Url.password",
          "Url.path",
          "Url.path_segments",
          "Url.path_segments_mut",
          "Url.port",
          "Url.port_or_known_default",
          "Url.query",
          "Url.query_pairs",
          "Url.query_pairs_mut",
          "Url.scheme",
          "Url.set_ip_host",
          "Url.set_path",
          "Url.set_port",
          "Url.set_scheme",
          "Url.set_username",
          "Url.socket_addrs",
          "Url.to_file_path",
          "Url.username",
          "Url::from_directory_path",
          "Url::from_file_path",
          "Url::options",
          "Version",
          "get"
        ],
        "/deps/reqwest/async-impl/client": [
          "Pending"
        ],
        "/deps/reqwest/blocking": [
          "Body",
          "Body::new",
          "Body::sized",
          "Client",
          "Client.delete",
          "Client.execute",
          "Client.get",
          "Client.head",
          "Client.patch",
          "Client.post",
          "Client.put",
          "Client.request",
          "Client::builder",
          "Client::new",
          "ClientBuilder",
          "ClientBuilder.add_crl",
          "ClientBuilder.add_crls",
          "ClientBuilder.add_root_certificate",
          "ClientBuilder.build",
          "ClientBuilder.connect_timeout",
          "ClientBuilder.connection_verbose",
          "ClientBuilder.danger_accept_invalid_certs",
          "ClientBuilder.danger_accept_invalid_hostnames",
          "ClientBuilder.default_headers",
          "ClientBuilder.dns_resolver",
          "ClientBuilder.http09_responses",
          "ClientBuilder.http1_allow_obsolete_multiline_headers_in_responses",
          "ClientBuilder.http1_allow_spaces_after_header_name_in_responses",
          "ClientBuilder.http1_ignore_invalid_headers_in_responses",
          "ClientBuilder.http1_only",
          "ClientBuilder.http1_title_case_headers",
          "ClientBuilder.https_only",
          "ClientBuilder.identity",
          "ClientBuilder.interface",
          "ClientBuilder.local_address",
          "ClientBuilder.max_tls_version",
          "ClientBuilder.min_tls_version",
          "ClientBuilder.no_brotli",
          "ClientBuilder.no_deflate",
          "ClientBuilder.no_gzip",
          "ClientBuilder.no_hickory_dns",
          "ClientBuilder.no_proxy",
          "ClientBuilder.no_trust_dns",
          "ClientBuilder.no_zstd",
          "ClientBuilder.pool_idle_timeout",
          "ClientBuilder.pool_max_idle_per_host",
          "ClientBuilder.proxy",
          "ClientBuilder.redirect",
          "ClientBuilder.referer",
          "ClientBuilder.resolve",
          "ClientBuilder.retry",
          "ClientBuilder.tcp_keepalive",
          "ClientBuilder.tcp_keepalive_interval",
          "ClientBuilder.tcp_keepalive_retries",
          "ClientBuilder.tcp_nodelay",
          "ClientBuilder.tcp_user_timeout",
          "ClientBuilder.timeout",
          "ClientBuilder.tls_built_in_root_certs",
          "ClientBuilder.tls_built_in_webpki_certs",
          "ClientBuilder.tls_info",
          "ClientBuilder.tls_sni",
          "ClientBuilder.unix_socket",
          "ClientBuilder.use_preconfigured_tls",
          "ClientBuilder.use_rustls_tls",
          "ClientBuilder.user_agent",
          "ClientBuilder::new",
          "Request",
          "Request.body",
          "Request.body_mut",
          "Request.headers",
          "Request.headers_mut",
          "Request.method",
          "Request.method_mut",
          "Request.timeout",
          "Request.timeout_mut",
          "Request.try_clone",
          "Request.url",
          "Request.url_mut",
          "Request.version",
          "Request.version_mut",
          "Request::new",
          "RequestBuilder",
          "RequestBuilder.basic_auth",
          "RequestBuilder.bearer_auth",
          "RequestBuilder.body",
          "RequestBuilder.build",
          "RequestBuilder.form",
          "RequestBuilder.header",
          "RequestBuilder.headers",
          "RequestBuilder.query",
          "RequestBuilder.send",
          "RequestBuilder.timeout",
          "RequestBuilder.try_clone",
          "RequestBuilder.version",
          "RequestBuilder::from_parts",
          "Response",
          "Response.bytes",
          "Response.content_length",
          "Response.error_for_status",
          "Response.error_for_status_ref",
          "Response.extensions",
          "Response.extensions_mut",
          "Response.headers",
          "Response.headers_mut",
          "Response.remote_addr",
          "Response.status",
          "Response.text",
          "Response.url",
          "Response.version",
          "get"
        ],
        "/deps/reqwest/blocking/body/trait/core/convert/from-bytes/bytes/bytes": [
          "from"
        ],
        "/deps/reqwest/blocking/body/trait/core/convert/from-static-str": [
          "from"
        ],
        "/deps/reqwest/blocking/body/trait/core/convert/from-std/fs/file": [
          "from"
        ],
        "/deps/reqwest/blocking/body/trait/core/convert/from-std/string/string": [
          "from"
        ],
        "/deps/reqwest/blocking/body/trait/core/convert/from-std/vec/vec-u8": [
          "from"
        ],
        "/deps/reqwest/blocking/client": [
          "clone",
          "default"
        ],
        "/deps/reqwest/blocking/clientbuilder": [
          "default",
          "from"
        ],
        "/deps/reqwest/body": [
          "default",
          "is_end_stream",
          "size_hint"
        ],
        "/deps/reqwest/body/trait/core/convert/from-bytes/bytes/bytes": [
          "from"
        ],
        "/deps/reqwest/body/trait/core/convert/from-reqwest/response": [
          "from"
        ],
        "/deps/reqwest/body/trait/core/convert/from-static-str": [
          "from"
        ],
        "/deps/reqwest/body/trait/core/convert/from-std/string/string": [
          "from"
        ],
        "/deps/reqwest/body/trait/core/convert/from-std/vec/vec-u8": [
          "from"
        ],
        "/deps/reqwest/certificate": [
          "clone"
        ],
        "/deps/reqwest/client": [
          "clone",
          "default"
        ],
        "/deps/reqwest/clientbuilder": [
          "default",
          "from"
        ],
        "/deps/reqwest/connect/sealed": [
          "Conn",
          "Unnameable"
        ],
        "/deps/reqwest/connect/uds": [
          "Internal"
        ],
        "/deps/reqwest/dns": [
          "Name",
          "Name.as_str"
        ],
        "/deps/reqwest/dns/name": [
          "from_str"
        ],
        "/deps/reqwest/dns/resolve/sealed": [
          "InvalidNameError"
        ],
        "/deps/reqwest/header": [
          "InvalidHeaderName",
          "InvalidHeaderValue",
          "MaxSizeReached",
          "ToStrError"
        ],
        "/deps/reqwest/header/invalidheadername": [
          "from"
        ],
        "/deps/reqwest/header/invalidheadervalue": [
          "from"
        ],
        "/deps/reqwest/header/map/as-header-name": [
          "TryEntryError"
        ],
        "/deps/reqwest/header/maxsizereached": [
          "from"
        ],
        "/deps/reqwest/identity": [
          "clone"
        ],
        "/deps/reqwest/method": [
          "as_ref",
          "assert_fields_are_eq",
          "clone",
          "default",
          "from",
          "from_str",
          "try_from"
        ],
        "/deps/reqwest/method/trait/core/cmp/partialeq": [
          "eq"
        ],
        "/deps/reqwest/method/trait/core/cmp/partialeq-a-reqwest/method": [
          "eq"
        ],
        "/deps/reqwest/method/trait/core/cmp/partialeq-a-str": [
          "eq"
        ],
        "/deps/reqwest/method/trait/core/cmp/partialeq-str": [
          "eq"
        ],
        "/deps/reqwest/noproxy": [
          "clone",
          "default"
        ],
        "/deps/reqwest/proxy": [
          "clone"
        ],
        "/deps/reqwest/redirect": [
          "Action",
          "Policy",
          "Policy::custom",
          "Policy::limited",
          "Policy::none"
        ],
        "/deps/reqwest/redirect/policy": [
          "default"
        ],
        "/deps/reqwest/request": [
          "try_from"
        ],
        "/deps/reqwest/retry": [
          "Builder",
          "Builder.classify",
          "Builder.classify_fn",
          "Builder.max_extra_load",
          "Builder.max_retries_per_request",
          "Builder.no_budget",
          "Builder::scoped",
          "for_host",
          "never"
        ],
        "/deps/reqwest/retry/classify": [
          "Action"
        ],
        "/deps/reqwest/statuscode": [
          "assert_fields_are_eq",
          "clone",
          "cmp",
          "default",
          "from_str",
          "partial_cmp"
        ],
        "/deps/reqwest/statuscode/trait/core/cmp/partialeq": [
          "eq"
        ],
        "/deps/reqwest/statuscode/trait/core/cmp/partialeq-reqwest/statuscode": [
          "eq"
        ],
        "/deps/reqwest/statuscode/trait/core/cmp/partialeq-u16": [
          "eq"
        ],
        "/deps/reqwest/statuscode/trait/core/convert/from-a-reqwest/statuscode": [
          "from"
        ],
        "/deps/reqwest/statuscode/trait/core/convert/from-reqwest/statuscode": [
          "from"
        ],
        "/deps/reqwest/statuscode/trait/core/convert/tryfrom-a-str": [
          "try_from"
        ],
        "/deps/reqwest/statuscode/trait/core/convert/tryfrom-u16": [
          "try_from"
        ],
        "/deps/reqwest/tls": [
          "CertificateRevocationList",
          "TlsInfo",
          "Version"
        ],
        "/deps/reqwest/tls/tlsinfo": [
          "clone"
        ],
        "/deps/reqwest/tls/version": [
          "clone",
          "cmp",
          "eq",
          "partial_cmp"
        ],
        "/deps/reqwest/upgraded": [
          "from",
          "is_write_vectored"
        ],
        "/deps/reqwest/url": [
          "as_ref",
          "clone",
          "cmp",
          "eq",
          "from",
          "partial_cmp",
          "try_from"
        ],
        "/deps/reqwest/url/trait/core/ops/index/index-core/ops/range/range-url/slicing/position": [
          "index"
        ],
        "/deps/reqwest/url/trait/core/ops/index/index-core/ops/range/rangefrom-url/slicing/position": [
          "index"
        ],
        "/deps/reqwest/url/trait/core/ops/index/index-core/ops/range/rangefull": [
          "index"
        ],
        "/deps/reqwest/url/trait/core/ops/index/index-core/ops/range/rangeto-url/slicing/position": [
          "index"
        ],
        "/deps/reqwest/version": [
          "assert_fields_are_eq",
          "clone",
          "cmp",
          "default",
          "eq",
          "partial_cmp"
        ]
      },
      "name": "reqwest",
      "version": "0.12.23"
    }
  ],
  "format": 4,
  "removed": [],
  "resolution": {
    "events": [
      {
        "reason": "bundled projection distribution is deliberately deferred until Terrane has a release artifact channel",
        "source": "BundledArtifact",
        "status": "Skipped"
      },
      {
        "reason": "`TERRANE_PROJECTION_ARTIFACT_URL` is not configured",
        "source": "PublishedArtifact",
        "status": "Skipped"
      },
      {
        "reason": "no reusable exact artifact was available; generated with the pinned local rustdoc toolchain",
        "source": "LocalRustdoc",
        "status": "Generated"
      }
    ],
    "outcome": "LocalRustdoc"
  },
  "rustdoc_format": 57,
  "source": "Local"
}
