{
  "format": 2,
  "dependencies": [
    {
      "name": "http",
      "version": "1.3.1",
      "members": [
        [
          "/deps/http",
          "Error"
        ],
        [
          "/deps/http",
          "Extensions"
        ],
        [
          "/deps/http",
          "HeaderMap-58e43e777dcb514a092981c67c61d59343fe2175cf2bff51b56a8b5dab852a51"
        ],
        [
          "/deps/http",
          "HeaderName"
        ],
        [
          "/deps/http",
          "HeaderValue"
        ],
        [
          "/deps/http",
          "Method"
        ],
        [
          "/deps/http",
          "StatusCode"
        ],
        [
          "/deps/http",
          "Uri"
        ],
        [
          "/deps/http",
          "Version"
        ],
        [
          "/deps/http",
          "builder"
        ],
        [
          "/deps/http",
          "from_name"
        ],
        [
          "/deps/http",
          "from_parts"
        ],
        [
          "/deps/http",
          "from_str"
        ],
        [
          "/deps/http",
          "from_u16"
        ],
        [
          "/deps/http",
          "try_with_capacity"
        ],
        [
          "/deps/http",
          "with_capacity"
        ],
        [
          "/deps/http/header",
          "InvalidHeaderName"
        ],
        [
          "/deps/http/header",
          "InvalidHeaderValue"
        ],
        [
          "/deps/http/header",
          "MaxSizeReached"
        ],
        [
          "/deps/http/header",
          "ToStrError"
        ],
        [
          "/deps/http/header/map/as-header-name",
          "TryEntryError"
        ],
        [
          "/deps/http/method",
          "InvalidMethod"
        ],
        [
          "/deps/http/request",
          "Builder"
        ],
        [
          "/deps/http/request",
          "Parts"
        ],
        [
          "/deps/http/request",
          "new"
        ],
        [
          "/deps/http/response",
          "Builder"
        ],
        [
          "/deps/http/response",
          "Parts"
        ],
        [
          "/deps/http/response",
          "new"
        ],
        [
          "/deps/http/status",
          "InvalidStatusCode"
        ],
        [
          "/deps/http/uri",
          "Authority"
        ],
        [
          "/deps/http/uri",
          "Builder"
        ],
        [
          "/deps/http/uri",
          "InvalidUri"
        ],
        [
          "/deps/http/uri",
          "InvalidUriParts"
        ],
        [
          "/deps/http/uri",
          "Parts"
        ],
        [
          "/deps/http/uri",
          "PathAndQuery"
        ],
        [
          "/deps/http/uri",
          "Scheme"
        ],
        [
          "/deps/http/uri",
          "new"
        ]
      ]
    },
    {
      "name": "reqwest",
      "version": "0.12.23",
      "members": [
        [
          "/deps/reqwest",
          "Body"
        ],
        [
          "/deps/reqwest",
          "Certificate"
        ],
        [
          "/deps/reqwest",
          "Client"
        ],
        [
          "/deps/reqwest",
          "ClientBuilder"
        ],
        [
          "/deps/reqwest",
          "Error"
        ],
        [
          "/deps/reqwest",
          "Identity"
        ],
        [
          "/deps/reqwest",
          "NoProxy"
        ],
        [
          "/deps/reqwest",
          "Proxy"
        ],
        [
          "/deps/reqwest",
          "Request"
        ],
        [
          "/deps/reqwest",
          "RequestBuilder"
        ],
        [
          "/deps/reqwest",
          "Response"
        ],
        [
          "/deps/reqwest",
          "Upgraded"
        ],
        [
          "/deps/reqwest",
          "builder"
        ],
        [
          "/deps/reqwest",
          "from_env"
        ],
        [
          "/deps/reqwest",
          "from_parts"
        ],
        [
          "/deps/reqwest",
          "get"
        ],
        [
          "/deps/reqwest",
          "new"
        ],
        [
          "/deps/reqwest/async-impl/client",
          "Pending"
        ],
        [
          "/deps/reqwest/blocking",
          "Body"
        ],
        [
          "/deps/reqwest/blocking",
          "Client"
        ],
        [
          "/deps/reqwest/blocking",
          "ClientBuilder"
        ],
        [
          "/deps/reqwest/blocking",
          "Request"
        ],
        [
          "/deps/reqwest/blocking",
          "RequestBuilder"
        ],
        [
          "/deps/reqwest/blocking",
          "Response"
        ],
        [
          "/deps/reqwest/blocking",
          "builder"
        ],
        [
          "/deps/reqwest/blocking",
          "from_parts"
        ],
        [
          "/deps/reqwest/blocking",
          "get"
        ],
        [
          "/deps/reqwest/blocking",
          "new"
        ],
        [
          "/deps/reqwest/connect/sealed",
          "Conn"
        ],
        [
          "/deps/reqwest/connect/sealed",
          "Unnameable"
        ],
        [
          "/deps/reqwest/connect/uds",
          "Internal"
        ],
        [
          "/deps/reqwest/dns",
          "Name"
        ],
        [
          "/deps/reqwest/dns/resolve/sealed",
          "InvalidNameError"
        ],
        [
          "/deps/reqwest/redirect",
          "Action"
        ],
        [
          "/deps/reqwest/redirect",
          "Policy"
        ],
        [
          "/deps/reqwest/retry",
          "Builder"
        ],
        [
          "/deps/reqwest/retry",
          "never"
        ],
        [
          "/deps/reqwest/retry/classify",
          "Action"
        ],
        [
          "/deps/reqwest/retry/classify/action",
          "Retryable"
        ],
        [
          "/deps/reqwest/retry/classify/action",
          "Success"
        ],
        [
          "/deps/reqwest/tls",
          "CertificateRevocationList"
        ],
        [
          "/deps/reqwest/tls",
          "TlsInfo"
        ],
        [
          "/deps/reqwest/tls",
          "Version"
        ]
      ]
    }
  ],
  "removed": [],
  "cache_identity": "0d039bcd9b18a23dfe2b503a62c96c704c9117bba09ce6d714374baf224a9515",
  "source": "Local",
  "rustdoc_format": 57,
  "projection_schema": "21",
  "content_hash": "9916284f2cc23b70676d13287514fc32450e15a871d5e1fe07d9631e9a22bf3d",
  "resolution": {
    "outcome": "LocalRustdoc",
    "events": [
      {
        "source": "BundledArtifact",
        "status": "Skipped",
        "reason": "bundled projection distribution is deliberately deferred until Terrane has a release artifact channel"
      },
      {
        "source": "PublishedArtifact",
        "status": "Skipped",
        "reason": "`TERRANE_PROJECTION_ARTIFACT_URL` is not configured"
      },
      {
        "source": "LocalRustdoc",
        "status": "Generated",
        "reason": "no reusable exact artifact was available; generated with the pinned local rustdoc toolchain"
      }
    ]
  }
}
