{
  "dependencies": [
    {
      "members": {
        "/deps/terrane-render-witness": [
          "Renderable",
          "render_many",
          "render_value"
        ]
      },
      "name": "terrane-render-witness",
      "version": "0.1.0"
    }
  ],
  "format": 4,
  "removed": [],
  "rustdoc_format": 57,
  "source": "Local"
}
