{
  "dependencies": [
    {
      "members": {
        "/deps/terrane-callable-recipe-witness": [
          "MethodRouter",
          "MethodRouter.into",
          "MethodRouter.try_into",
          "accept",
          "accepts_handler",
          "blank",
          "compose",
          "install",
          "invoke",
          "mutate",
          "render",
          "run_correlated",
          "transform"
        ]
      },
      "name": "terrane-callable-recipe-witness",
      "version": "0.1.9"
    },
    {
      "members": {
        "/deps/tokio": [
          "spawn"
        ],
        "/deps/tokio/io": [
          "ErrorKind"
        ],
        "/deps/tokio/macros": [
          "pin",
          "task_local"
        ],
        "/deps/tokio/net/addr/sealed": [
          "Internal"
        ],
        "/deps/tokio/runtime": [
          "Builder",
          "Builder.build",
          "Builder.build_local",
          "Builder.enable_all",
          "Builder.event_interval",
          "Builder.global_queue_interval",
          "Builder.into",
          "Builder.max_blocking_threads",
          "Builder.name",
          "Builder.on_thread_park",
          "Builder.on_thread_start",
          "Builder.on_thread_stop",
          "Builder.on_thread_unpark",
          "Builder.thread_keep_alive",
          "Builder.thread_name",
          "Builder.thread_name_fn",
          "Builder.thread_stack_size",
          "Builder.try_into",
          "Builder.worker_threads",
          "Builder::new_current_thread",
          "Handle",
          "Handle.block_on",
          "Handle.clone",
          "Handle.enter",
          "Handle.id",
          "Handle.into",
          "Handle.metrics",
          "Handle.name",
          "Handle.runtime_flavor",
          "Handle.spawn",
          "Handle.spawn_blocking",
          "Handle.try_into",
          "Handle::current",
          "Handle::try_current",
          "Id",
          "Id.clone",
          "Id.eq",
          "Id.into",
          "Id.try_into",
          "LocalOptions",
          "LocalOptions.into",
          "LocalOptions.try_into",
          "LocalOptions::default",
          "LocalRuntime",
          "LocalRuntime.block_on",
          "LocalRuntime.drop",
          "LocalRuntime.enter",
          "LocalRuntime.handle",
          "LocalRuntime.into",
          "LocalRuntime.metrics",
          "LocalRuntime.shutdown_background",
          "LocalRuntime.shutdown_timeout",
          "LocalRuntime.spawn_blocking",
          "LocalRuntime.spawn_local",
          "LocalRuntime.try_into",
          "LocalRuntime::new",
          "Runtime",
          "Runtime.block_on",
          "Runtime.drop",
          "Runtime.enter",
          "Runtime.handle",
          "Runtime.into",
          "Runtime.metrics",
          "Runtime.shutdown_background",
          "Runtime.shutdown_timeout",
          "Runtime.spawn",
          "Runtime.spawn_blocking",
          "Runtime.try_into",
          "RuntimeFlavor",
          "RuntimeMetrics",
          "RuntimeMetrics.clone",
          "RuntimeMetrics.global_queue_depth",
          "RuntimeMetrics.into",
          "RuntimeMetrics.num_alive_tasks",
          "RuntimeMetrics.num_workers",
          "RuntimeMetrics.try_into",
          "RuntimeMetrics.worker_park_count",
          "RuntimeMetrics.worker_park_unpark_count",
          "RuntimeMetrics.worker_total_busy_duration",
          "TryCurrentError",
          "TryCurrentError.into",
          "TryCurrentError.is_missing_context",
          "TryCurrentError.is_thread_local_destroyed",
          "TryCurrentError.try_into",
          "borrowed-option",
          "borrowed-option.and_then",
          "borrowed-option.cloned",
          "borrowed-option.map",
          "is_rt_shutdown_err"
        ],
        "/deps/tokio/task": [
          "AbortHandle",
          "AbortHandle.abort",
          "AbortHandle.clone",
          "AbortHandle.drop",
          "AbortHandle.id",
          "AbortHandle.into",
          "AbortHandle.is_finished",
          "AbortHandle.try_into",
          "Id",
          "Id.clone",
          "Id.cmp",
          "Id.eq",
          "Id.into",
          "Id.partial_cmp",
          "Id.try_into",
          "JoinError",
          "JoinError.id",
          "JoinError.into",
          "JoinError.is_cancelled",
          "JoinError.is_panic",
          "JoinError.try_into",
          "JoinError::from",
          "LocalEnterGuard",
          "LocalEnterGuard.drop",
          "LocalEnterGuard.into",
          "LocalEnterGuard.try_into",
          "LocalSet",
          "LocalSet.block_on",
          "LocalSet.drop",
          "LocalSet.enter",
          "LocalSet.id",
          "LocalSet.into",
          "LocalSet.run_until",
          "LocalSet.spawn_local",
          "LocalSet.try_into",
          "id",
          "spawn_blocking",
          "spawn_local",
          "try_id",
          "yield_now"
        ],
        "/deps/tokio/task/coop": [
          "RestoreOnPending",
          "RestoreOnPending.drop",
          "RestoreOnPending.into",
          "RestoreOnPending.made_progress",
          "RestoreOnPending.try_into",
          "consume_budget",
          "cooperative",
          "has_budget_remaining",
          "unconstrained"
        ],
        "/deps/tokio/task/task-local": [
          "AccessError"
        ]
      },
      "name": "tokio",
      "version": "1.53.0"
    }
  ],
  "format": 4,
  "removed": [],
  "rustdoc_format": 57,
  "source": "Local"
}
