{
  "dependencies": [
    {
      "members": {
        "/deps/witness": [
          "BorrowedLabel",
          "borrowed_label",
          "render_scoped"
        ]
      },
      "name": "witness",
      "version": "0.1.0"
    }
  ],
  "format": 4,
  "removed": [],
  "rustdoc_format": 57,
  "source": "Local"
}
