{
  "dependencies": [
    {
      "members": [
        [
          "/deps/sqlx-core",
          "Error"
        ],
        [
          "/deps/sqlx-core/connection",
          "LogSettings"
        ],
        [
          "/deps/sqlx-core/encode",
          "IsNull"
        ],
        [
          "/deps/sqlx-core/encode/isnull",
          "No"
        ],
        [
          "/deps/sqlx-core/encode/isnull",
          "Yes"
        ],
        [
          "/deps/sqlx-core/error",
          "ErrorKind"
        ],
        [
          "/deps/sqlx-core/error",
          "UnexpectedNullError"
        ],
        [
          "/deps/sqlx-core/error/errorkind",
          "CheckViolation"
        ],
        [
          "/deps/sqlx-core/error/errorkind",
          "ForeignKeyViolation"
        ],
        [
          "/deps/sqlx-core/error/errorkind",
          "NotNullViolation"
        ],
        [
          "/deps/sqlx-core/error/errorkind",
          "Other"
        ],
        [
          "/deps/sqlx-core/error/errorkind",
          "UniqueViolation"
        ],
        [
          "/deps/sqlx-core/ext/ustr",
          "UStr"
        ],
        [
          "/deps/sqlx-core/fs",
          "DirEntry"
        ],
        [
          "/deps/sqlx-core/fs",
          "ReadDir"
        ],
        [
          "/deps/sqlx-core/fs",
          "ReadDir.next"
        ],
        [
          "/deps/sqlx-core/fs",
          "read_dir"
        ],
        [
          "/deps/sqlx-core/logger",
          "parse_query_summary"
        ],
        [
          "/deps/sqlx-core/migrate",
          "AppliedMigration"
        ],
        [
          "/deps/sqlx-core/migrate",
          "MigrateError"
        ],
        [
          "/deps/sqlx-core/migrate",
          "Migration"
        ],
        [
          "/deps/sqlx-core/migrate",
          "MigrationType"
        ],
        [
          "/deps/sqlx-core/migrate",
          "Migrator"
        ],
        [
          "/deps/sqlx-core/migrate",
          "Migrator.iter"
        ],
        [
          "/deps/sqlx-core/migrate",
          "Migrator.version_exists"
        ],
        [
          "/deps/sqlx-core/migrate/migrationtype",
          "ReversibleDown"
        ],
        [
          "/deps/sqlx-core/migrate/migrationtype",
          "ReversibleUp"
        ],
        [
          "/deps/sqlx-core/migrate/migrationtype",
          "Simple"
        ],
        [
          "/deps/sqlx-core/migrate/source",
          "ResolveError"
        ],
        [
          "/deps/sqlx-core/net",
          "SocketIntoBox"
        ],
        [
          "/deps/sqlx-core/net",
          "WriteBuffer"
        ],
        [
          "/deps/sqlx-core/net",
          "WriteBuffer.advance"
        ],
        [
          "/deps/sqlx-core/net",
          "WriteBuffer.buf_mut"
        ],
        [
          "/deps/sqlx-core/net",
          "WriteBuffer.is_empty"
        ],
        [
          "/deps/sqlx-core/net",
          "WriteBuffer.is_full"
        ],
        [
          "/deps/sqlx-core/net",
          "WriteBuffer.shrink"
        ],
        [
          "/deps/sqlx-core/net/tls",
          "CertificateInput"
        ],
        [
          "/deps/sqlx-core/net/tls",
          "available"
        ],
        [
          "/deps/sqlx-core/net/tls",
          "error_if_unavailable"
        ],
        [
          "/deps/sqlx-core/pool",
          "CloseEvent"
        ],
        [
          "/deps/sqlx-core/pool",
          "PoolConnectionMetadata"
        ],
        [
          "/deps/sqlx-core/raw-sql",
          "raw_sql"
        ],
        [
          "/deps/sqlx-core/rt",
          "TimeoutError"
        ],
        [
          "/deps/sqlx-core/rt",
          "sleep"
        ],
        [
          "/deps/sqlx-core/rt",
          "yield_now"
        ],
        [
          "/deps/sqlx-core/rt/rt-tokio",
          "available"
        ],
        [
          "/deps/sqlx-core/sync",
          "AsyncSemaphore"
        ],
        [
          "/deps/sqlx-core/sync",
          "AsyncSemaphore.acquire"
        ],
        [
          "/deps/sqlx-core/sync",
          "AsyncSemaphore.permits"
        ],
        [
          "/deps/sqlx-core/sync",
          "AsyncSemaphore.release"
        ],
        [
          "/deps/sqlx-core/sync",
          "AsyncSemaphore.try_acquire"
        ],
        [
          "/deps/sqlx-core/testing",
          "TestArgs"
        ],
        [
          "/deps/sqlx-core/testing",
          "TestArgs.migrator"
        ],
        [
          "/deps/sqlx-core/testing",
          "TestFixture"
        ],
        [
          "/deps/sqlx-core/testing",
          "TestTermination"
        ],
        [
          "/deps/sqlx-core/testing/fixtures",
          "FixtureError"
        ],
        [
          "/deps/sqlx-core/transaction",
          "begin_ansi_transaction_sql"
        ],
        [
          "/deps/sqlx-core/transaction",
          "commit_ansi_transaction_sql"
        ],
        [
          "/deps/sqlx-core/transaction",
          "rollback_ansi_transaction_sql"
        ],
        [
          "/deps/sqlx-core/type-checking",
          "ParamChecking"
        ],
        [
          "/deps/sqlx-core/type-checking/paramchecking",
          "Strong"
        ],
        [
          "/deps/sqlx-core/type-checking/paramchecking",
          "Weak"
        ]
      ],
      "name": "sqlx-core",
      "version": "0.8.6"
    },
    {
      "members": [
        [
          "/deps/terrane-chain-witness",
          "Database"
        ],
        [
          "/deps/terrane-chain-witness",
          "LineBuilder-4238ef823949cfa637c551f98e17d5a5f719d9922de4352bd033e0d10027d69f"
        ],
        [
          "/deps/terrane-chain-witness",
          "LineBuilder-4238ef823949cfa637c551f98e17d5a5f719d9922de4352bd033e0d10027d69f.finish"
        ],
        [
          "/deps/terrane-chain-witness",
          "LineBuilder-4238ef823949cfa637c551f98e17d5a5f719d9922de4352bd033e0d10027d69f.number"
        ],
        [
          "/deps/terrane-chain-witness",
          "LineBuilder-4238ef823949cfa637c551f98e17d5a5f719d9922de4352bd033e0d10027d69f.pause"
        ],
        [
          "/deps/terrane-chain-witness",
          "ScalarQuery-b49daed6afc0d0674747dcee4bcef8e0297fff3ff34e4dfa1a1fda2cb9c3bdad"
        ],
        [
          "/deps/terrane-chain-witness",
          "ScalarQuery-b49daed6afc0d0674747dcee4bcef8e0297fff3ff34e4dfa1a1fda2cb9c3bdad.bind"
        ],
        [
          "/deps/terrane-chain-witness",
          "ScalarQuery-b49daed6afc0d0674747dcee4bcef8e0297fff3ff34e4dfa1a1fda2cb9c3bdad.fetch_one"
        ],
        [
          "/deps/terrane-chain-witness",
          "ScalarQuery-b49daed6afc0d0674747dcee4bcef8e0297fff3ff34e4dfa1a1fda2cb9c3bdad.pause"
        ],
        [
          "/deps/terrane-chain-witness",
          "line"
        ],
        [
          "/deps/terrane-chain-witness",
          "memory_database"
        ],
        [
          "/deps/terrane-chain-witness",
          "query_scalar"
        ]
      ],
      "name": "terrane-chain-witness",
      "version": "0.1.0"
    }
  ],
  "format": 3,
  "projection_schema": "40",
  "removed": [],
  "resolution": {
    "events": [
      {
        "reason": "bundled projection distribution is deliberately deferred until Terrane has a release artifact channel",
        "source": "BundledArtifact",
        "status": "Skipped"
      },
      {
        "reason": "`TERRANE_PROJECTION_ARTIFACT_URL` is not configured",
        "source": "PublishedArtifact",
        "status": "Skipped"
      },
      {
        "reason": "no reusable exact artifact was available; generated with the pinned local rustdoc toolchain",
        "source": "LocalRustdoc",
        "status": "Generated"
      }
    ],
    "outcome": "LocalRustdoc"
  },
  "rustdoc_format": 57,
  "source": "Local"
}
