{
  "format": 4,
  "dependencies": [
    {
      "name": "strsim",
      "version": "0.11.1",
      "members": {
        "/deps/strsim": [
          "HammingResult",
          "StrSimError",
          "damerau_levenshtein",
          "generic_hamming",
          "generic_jaro",
          "generic_jaro_winkler",
          "generic_levenshtein",
          "hamming",
          "jaro",
          "jaro_winkler",
          "levenshtein",
          "normalized_damerau_levenshtein",
          "normalized_levenshtein",
          "osa_distance",
          "sorensen_dice"
        ]
      }
    }
  ],
  "removed": [],
  "cache_identity": "044d948379b49957aa3d8a1cd77757dfa13976d9f2237183a77e2274f2b863b6",
  "source": "Local",
  "rustdoc_format": 57,
  "projection_schema": "190",
  "content_hash": "96f26771572976b217a1545edd45453b643d5756190716b9ace09e948b68a854",
  "resolution": {
    "outcome": "LocalRustdoc",
    "events": [
      {
        "source": "BundledArtifact",
        "status": "Skipped",
        "reason": "bundled projection distribution is deliberately deferred until Terrane has a release artifact channel"
      },
      {
        "source": "PublishedArtifact",
        "status": "Skipped",
        "reason": "`TERRANE_PROJECTION_ARTIFACT_URL` is not configured"
      },
      {
        "source": "LocalRustdoc",
        "status": "Generated",
        "reason": "no reusable exact artifact was available; generated with the pinned local rustdoc toolchain"
      }
    ]
  }
}
