{
  "format": 2,
  "dependencies": [
    {
      "name": "terrane-callback-witness",
      "version": "0.1.0",
      "members": [
        [
          "/deps/terrane-callback-witness",
          "Marker"
        ],
        [
          "/deps/terrane-callback-witness",
          "apply_async"
        ],
        [
          "/deps/terrane-callback-witness",
          "apply_async_concurrently"
        ],
        [
          "/deps/terrane-callback-witness",
          "apply_mutable"
        ],
        [
          "/deps/terrane-callback-witness",
          "apply_once"
        ],
        [
          "/deps/terrane-callback-witness",
          "apply_shared"
        ],
        [
          "/deps/terrane-callback-witness",
          "make_marker"
        ]
      ]
    }
  ],
  "removed": [],
  "cache_identity": "c0d67a05460a782e936970be9434f23e02c3839b035d95875b9a0ca98c4f0a4b",
  "source": "Local",
  "rustdoc_format": 57,
  "projection_schema": "17",
  "content_hash": "af40725d17beb7547f56524928e4bde834d0df5b1895de7b370077d331883234",
  "resolution": {
    "outcome": "LocalRustdoc",
    "events": [
      {
        "source": "BundledArtifact",
        "status": "Skipped",
        "reason": "bundled projection distribution is deliberately deferred until Terrane has a release artifact channel"
      },
      {
        "source": "PublishedArtifact",
        "status": "Skipped",
        "reason": "`TERRANE_PROJECTION_ARTIFACT_URL` is not configured"
      },
      {
        "source": "LocalRustdoc",
        "status": "Generated",
        "reason": "no reusable exact artifact was available; generated with the pinned local rustdoc toolchain"
      }
    ]
  }
}
