{
  "dependencies": [
    {
      "members": [
        [
          "/deps/date-codec",
          "Error"
        ],
        [
          "/deps/date-codec",
          "HttpDate"
        ],
        [
          "/deps/date-codec",
          "fmt_http_date"
        ],
        [
          "/deps/date-codec",
          "parse_http_date"
        ],
        [
          "/deps/date-codec/error",
          "from"
        ],
        [
          "/deps/date-codec/httpdate",
          "clone"
        ],
        [
          "/deps/date-codec/httpdate",
          "cmp"
        ],
        [
          "/deps/date-codec/httpdate",
          "eq"
        ],
        [
          "/deps/date-codec/httpdate",
          "from_str"
        ],
        [
          "/deps/date-codec/httpdate",
          "partial_cmp"
        ],
        [
          "/deps/date-codec/httpdate/trait/core/convert/from-httpdate/httpdate",
          "from"
        ],
        [
          "/deps/date-codec/httpdate/trait/core/convert/from-std/time/systemtime",
          "from"
        ]
      ],
      "name": "date-codec",
      "version": "1.0.3"
    }
  ],
  "format": 3,
  "projection_schema": "62",
  "removed": [],
  "resolution": {
    "events": [
      {
        "reason": "bundled projection distribution is deliberately deferred until Terrane has a release artifact channel",
        "source": "BundledArtifact",
        "status": "Skipped"
      },
      {
        "reason": "`TERRANE_PROJECTION_ARTIFACT_URL` is not configured",
        "source": "PublishedArtifact",
        "status": "Skipped"
      },
      {
        "reason": "no reusable exact artifact was available; generated with the pinned local rustdoc toolchain",
        "source": "LocalRustdoc",
        "status": "Generated"
      }
    ],
    "outcome": "LocalRustdoc"
  },
  "rustdoc_format": 57,
  "source": "Local"
}
