{
  "dependencies": [
    {
      "members": [
        [
          "/deps/terrane-static-consumer",
          "consume_factory"
        ]
      ],
      "name": "terrane-static-consumer",
      "version": "0.1.0"
    },
    {
      "members": [
        [
          "/deps/terrane-static-witness",
          "GenericFactory"
        ],
        [
          "/deps/terrane-static-witness",
          "GenericFactory::open"
        ],
        [
          "/deps/terrane-static-witness",
          "available_loopback_address"
        ]
      ],
      "name": "terrane-static-witness",
      "version": "0.1.0"
    },
    {
      "members": [
        [
          "/deps/tokio/io",
          "Interest"
        ],
        [
          "/deps/tokio/io",
          "Interest.add"
        ],
        [
          "/deps/tokio/io",
          "Interest.is_error"
        ],
        [
          "/deps/tokio/io",
          "Interest.is_priority"
        ],
        [
          "/deps/tokio/io",
          "Interest.is_readable"
        ],
        [
          "/deps/tokio/io",
          "Interest.is_writable"
        ],
        [
          "/deps/tokio/io",
          "Interest.remove"
        ],
        [
          "/deps/tokio/io",
          "Ready"
        ],
        [
          "/deps/tokio/io",
          "Ready.is_empty"
        ],
        [
          "/deps/tokio/io",
          "Ready.is_error"
        ],
        [
          "/deps/tokio/io",
          "Ready.is_priority"
        ],
        [
          "/deps/tokio/io",
          "Ready.is_read_closed"
        ],
        [
          "/deps/tokio/io",
          "Ready.is_readable"
        ],
        [
          "/deps/tokio/io",
          "Ready.is_writable"
        ],
        [
          "/deps/tokio/io",
          "Ready.is_write_closed"
        ],
        [
          "/deps/tokio/io/interest",
          "bitor"
        ],
        [
          "/deps/tokio/io/interest",
          "bitor_assign"
        ],
        [
          "/deps/tokio/io/interest",
          "clone"
        ],
        [
          "/deps/tokio/io/interest",
          "eq"
        ],
        [
          "/deps/tokio/io/ready",
          "bitand"
        ],
        [
          "/deps/tokio/io/ready",
          "bitor"
        ],
        [
          "/deps/tokio/io/ready",
          "bitor_assign"
        ],
        [
          "/deps/tokio/io/ready",
          "clone"
        ],
        [
          "/deps/tokio/io/ready",
          "cmp"
        ],
        [
          "/deps/tokio/io/ready",
          "eq"
        ],
        [
          "/deps/tokio/io/ready",
          "partial_cmp"
        ],
        [
          "/deps/tokio/io/ready",
          "sub"
        ],
        [
          "/deps/tokio/io/unix",
          "TryIoError"
        ],
        [
          "/deps/tokio/net",
          "TcpListener"
        ],
        [
          "/deps/tokio/net",
          "TcpListener.into_std"
        ],
        [
          "/deps/tokio/net",
          "TcpListener.local_addr"
        ],
        [
          "/deps/tokio/net",
          "TcpListener.set_ttl"
        ],
        [
          "/deps/tokio/net",
          "TcpListener.ttl"
        ],
        [
          "/deps/tokio/net",
          "TcpListener::bind"
        ],
        [
          "/deps/tokio/net",
          "TcpListener::from_std"
        ],
        [
          "/deps/tokio/net",
          "TcpSocket"
        ],
        [
          "/deps/tokio/net",
          "TcpSocket.bind"
        ],
        [
          "/deps/tokio/net",
          "TcpSocket.connect"
        ],
        [
          "/deps/tokio/net",
          "TcpSocket.device"
        ],
        [
          "/deps/tokio/net",
          "TcpSocket.keepalive"
        ],
        [
          "/deps/tokio/net",
          "TcpSocket.linger"
        ],
        [
          "/deps/tokio/net",
          "TcpSocket.listen"
        ],
        [
          "/deps/tokio/net",
          "TcpSocket.local_addr"
        ],
        [
          "/deps/tokio/net",
          "TcpSocket.nodelay"
        ],
        [
          "/deps/tokio/net",
          "TcpSocket.recv_buffer_size"
        ],
        [
          "/deps/tokio/net",
          "TcpSocket.reuseaddr"
        ],
        [
          "/deps/tokio/net",
          "TcpSocket.reuseport"
        ],
        [
          "/deps/tokio/net",
          "TcpSocket.send_buffer_size"
        ],
        [
          "/deps/tokio/net",
          "TcpSocket.set_keepalive"
        ],
        [
          "/deps/tokio/net",
          "TcpSocket.set_linger"
        ],
        [
          "/deps/tokio/net",
          "TcpSocket.set_nodelay"
        ],
        [
          "/deps/tokio/net",
          "TcpSocket.set_recv_buffer_size"
        ],
        [
          "/deps/tokio/net",
          "TcpSocket.set_reuseaddr"
        ],
        [
          "/deps/tokio/net",
          "TcpSocket.set_reuseport"
        ],
        [
          "/deps/tokio/net",
          "TcpSocket.set_send_buffer_size"
        ],
        [
          "/deps/tokio/net",
          "TcpSocket.set_tclass_v6"
        ],
        [
          "/deps/tokio/net",
          "TcpSocket.set_tos_v4"
        ],
        [
          "/deps/tokio/net",
          "TcpSocket.set_zero_linger"
        ],
        [
          "/deps/tokio/net",
          "TcpSocket.take_error"
        ],
        [
          "/deps/tokio/net",
          "TcpSocket.tclass_v6"
        ],
        [
          "/deps/tokio/net",
          "TcpSocket.tos_v4"
        ],
        [
          "/deps/tokio/net",
          "TcpSocket::from_std_stream"
        ],
        [
          "/deps/tokio/net",
          "TcpSocket::new_v4"
        ],
        [
          "/deps/tokio/net",
          "TcpSocket::new_v6"
        ],
        [
          "/deps/tokio/net",
          "TcpStream"
        ],
        [
          "/deps/tokio/net",
          "TcpStream.into_std"
        ],
        [
          "/deps/tokio/net",
          "TcpStream.linger"
        ],
        [
          "/deps/tokio/net",
          "TcpStream.local_addr"
        ],
        [
          "/deps/tokio/net",
          "TcpStream.nodelay"
        ],
        [
          "/deps/tokio/net",
          "TcpStream.peer_addr"
        ],
        [
          "/deps/tokio/net",
          "TcpStream.quickack"
        ],
        [
          "/deps/tokio/net",
          "TcpStream.readable"
        ],
        [
          "/deps/tokio/net",
          "TcpStream.ready"
        ],
        [
          "/deps/tokio/net",
          "TcpStream.set_linger"
        ],
        [
          "/deps/tokio/net",
          "TcpStream.set_nodelay"
        ],
        [
          "/deps/tokio/net",
          "TcpStream.set_quickack"
        ],
        [
          "/deps/tokio/net",
          "TcpStream.set_ttl"
        ],
        [
          "/deps/tokio/net",
          "TcpStream.set_zero_linger"
        ],
        [
          "/deps/tokio/net",
          "TcpStream.take_error"
        ],
        [
          "/deps/tokio/net",
          "TcpStream.ttl"
        ],
        [
          "/deps/tokio/net",
          "TcpStream.writable"
        ],
        [
          "/deps/tokio/net",
          "TcpStream::connect"
        ],
        [
          "/deps/tokio/net",
          "TcpStream::from_std"
        ],
        [
          "/deps/tokio/net",
          "UdpSocket"
        ],
        [
          "/deps/tokio/net",
          "UdpSocket.broadcast"
        ],
        [
          "/deps/tokio/net",
          "UdpSocket.connect"
        ],
        [
          "/deps/tokio/net",
          "UdpSocket.device"
        ],
        [
          "/deps/tokio/net",
          "UdpSocket.into_std"
        ],
        [
          "/deps/tokio/net",
          "UdpSocket.join_multicast_v4"
        ],
        [
          "/deps/tokio/net",
          "UdpSocket.join_multicast_v6"
        ],
        [
          "/deps/tokio/net",
          "UdpSocket.leave_multicast_v4"
        ],
        [
          "/deps/tokio/net",
          "UdpSocket.leave_multicast_v6"
        ],
        [
          "/deps/tokio/net",
          "UdpSocket.local_addr"
        ],
        [
          "/deps/tokio/net",
          "UdpSocket.multicast_loop_v4"
        ],
        [
          "/deps/tokio/net",
          "UdpSocket.multicast_loop_v6"
        ],
        [
          "/deps/tokio/net",
          "UdpSocket.multicast_ttl_v4"
        ],
        [
          "/deps/tokio/net",
          "UdpSocket.peek_sender"
        ],
        [
          "/deps/tokio/net",
          "UdpSocket.peer_addr"
        ],
        [
          "/deps/tokio/net",
          "UdpSocket.readable"
        ],
        [
          "/deps/tokio/net",
          "UdpSocket.ready"
        ],
        [
          "/deps/tokio/net",
          "UdpSocket.set_broadcast"
        ],
        [
          "/deps/tokio/net",
          "UdpSocket.set_multicast_loop_v4"
        ],
        [
          "/deps/tokio/net",
          "UdpSocket.set_multicast_loop_v6"
        ],
        [
          "/deps/tokio/net",
          "UdpSocket.set_multicast_ttl_v4"
        ],
        [
          "/deps/tokio/net",
          "UdpSocket.set_tclass_v6"
        ],
        [
          "/deps/tokio/net",
          "UdpSocket.set_tos_v4"
        ],
        [
          "/deps/tokio/net",
          "UdpSocket.set_ttl"
        ],
        [
          "/deps/tokio/net",
          "UdpSocket.take_error"
        ],
        [
          "/deps/tokio/net",
          "UdpSocket.tclass_v6"
        ],
        [
          "/deps/tokio/net",
          "UdpSocket.tos_v4"
        ],
        [
          "/deps/tokio/net",
          "UdpSocket.try_peek_sender"
        ],
        [
          "/deps/tokio/net",
          "UdpSocket.ttl"
        ],
        [
          "/deps/tokio/net",
          "UdpSocket.writable"
        ],
        [
          "/deps/tokio/net",
          "UdpSocket::bind"
        ],
        [
          "/deps/tokio/net",
          "UdpSocket::from_std"
        ],
        [
          "/deps/tokio/net",
          "UnixListener"
        ],
        [
          "/deps/tokio/net",
          "UnixListener.into_std"
        ],
        [
          "/deps/tokio/net",
          "UnixListener.local_addr"
        ],
        [
          "/deps/tokio/net",
          "UnixListener.take_error"
        ],
        [
          "/deps/tokio/net",
          "UnixListener::bind"
        ],
        [
          "/deps/tokio/net",
          "UnixListener::bind_addr"
        ],
        [
          "/deps/tokio/net",
          "UnixListener::from_std"
        ],
        [
          "/deps/tokio/net",
          "UnixSocket"
        ],
        [
          "/deps/tokio/net",
          "UnixSocket.bind"
        ],
        [
          "/deps/tokio/net",
          "UnixSocket.connect"
        ],
        [
          "/deps/tokio/net",
          "UnixSocket.listen"
        ],
        [
          "/deps/tokio/net",
          "UnixSocket::new_datagram"
        ],
        [
          "/deps/tokio/net",
          "UnixSocket::new_stream"
        ],
        [
          "/deps/tokio/net",
          "UnixStream"
        ],
        [
          "/deps/tokio/net",
          "UnixStream.into_std"
        ],
        [
          "/deps/tokio/net",
          "UnixStream.local_addr"
        ],
        [
          "/deps/tokio/net",
          "UnixStream.peer_addr"
        ],
        [
          "/deps/tokio/net",
          "UnixStream.peer_cred"
        ],
        [
          "/deps/tokio/net",
          "UnixStream.readable"
        ],
        [
          "/deps/tokio/net",
          "UnixStream.ready"
        ],
        [
          "/deps/tokio/net",
          "UnixStream.take_error"
        ],
        [
          "/deps/tokio/net",
          "UnixStream.writable"
        ],
        [
          "/deps/tokio/net",
          "UnixStream::connect"
        ],
        [
          "/deps/tokio/net",
          "UnixStream::connect_addr"
        ],
        [
          "/deps/tokio/net",
          "UnixStream::from_std"
        ],
        [
          "/deps/tokio/net",
          "UnixStream::pair"
        ],
        [
          "/deps/tokio/net/addr/sealed",
          "Internal"
        ],
        [
          "/deps/tokio/net/tcp",
          "OwnedReadHalf"
        ],
        [
          "/deps/tokio/net/tcp",
          "OwnedReadHalf.local_addr"
        ],
        [
          "/deps/tokio/net/tcp",
          "OwnedReadHalf.peer_addr"
        ],
        [
          "/deps/tokio/net/tcp",
          "OwnedReadHalf.readable"
        ],
        [
          "/deps/tokio/net/tcp",
          "OwnedReadHalf.ready"
        ],
        [
          "/deps/tokio/net/tcp",
          "OwnedReadHalf.reunite"
        ],
        [
          "/deps/tokio/net/tcp",
          "OwnedWriteHalf"
        ],
        [
          "/deps/tokio/net/tcp",
          "OwnedWriteHalf.forget"
        ],
        [
          "/deps/tokio/net/tcp",
          "OwnedWriteHalf.local_addr"
        ],
        [
          "/deps/tokio/net/tcp",
          "OwnedWriteHalf.peer_addr"
        ],
        [
          "/deps/tokio/net/tcp",
          "OwnedWriteHalf.ready"
        ],
        [
          "/deps/tokio/net/tcp",
          "OwnedWriteHalf.reunite"
        ],
        [
          "/deps/tokio/net/tcp",
          "OwnedWriteHalf.writable"
        ],
        [
          "/deps/tokio/net/tcp",
          "ReuniteError"
        ],
        [
          "/deps/tokio/net/tcp/ownedreadhalf",
          "as_ref"
        ],
        [
          "/deps/tokio/net/tcp/ownedwritehalf",
          "as_ref"
        ],
        [
          "/deps/tokio/net/tcp/ownedwritehalf",
          "drop"
        ],
        [
          "/deps/tokio/net/tcp/ownedwritehalf",
          "is_write_vectored"
        ],
        [
          "/deps/tokio/net/tcplistener",
          "as_raw_fd"
        ],
        [
          "/deps/tokio/net/tcplistener",
          "try_from"
        ],
        [
          "/deps/tokio/net/tcpsocket",
          "as_raw_fd"
        ],
        [
          "/deps/tokio/net/tcpsocket",
          "into_raw_fd"
        ],
        [
          "/deps/tokio/net/tcpstream",
          "as_raw_fd"
        ],
        [
          "/deps/tokio/net/tcpstream",
          "is_write_vectored"
        ],
        [
          "/deps/tokio/net/tcpstream",
          "try_from"
        ],
        [
          "/deps/tokio/net/udpsocket",
          "as_raw_fd"
        ],
        [
          "/deps/tokio/net/udpsocket",
          "try_from"
        ],
        [
          "/deps/tokio/net/unix",
          "OwnedReadHalf"
        ],
        [
          "/deps/tokio/net/unix",
          "OwnedReadHalf.local_addr"
        ],
        [
          "/deps/tokio/net/unix",
          "OwnedReadHalf.peer_addr"
        ],
        [
          "/deps/tokio/net/unix",
          "OwnedReadHalf.readable"
        ],
        [
          "/deps/tokio/net/unix",
          "OwnedReadHalf.ready"
        ],
        [
          "/deps/tokio/net/unix",
          "OwnedReadHalf.reunite"
        ],
        [
          "/deps/tokio/net/unix",
          "OwnedWriteHalf"
        ],
        [
          "/deps/tokio/net/unix",
          "OwnedWriteHalf.forget"
        ],
        [
          "/deps/tokio/net/unix",
          "OwnedWriteHalf.local_addr"
        ],
        [
          "/deps/tokio/net/unix",
          "OwnedWriteHalf.peer_addr"
        ],
        [
          "/deps/tokio/net/unix",
          "OwnedWriteHalf.ready"
        ],
        [
          "/deps/tokio/net/unix",
          "OwnedWriteHalf.reunite"
        ],
        [
          "/deps/tokio/net/unix",
          "OwnedWriteHalf.writable"
        ],
        [
          "/deps/tokio/net/unix",
          "ReuniteError"
        ],
        [
          "/deps/tokio/net/unix",
          "SocketAddr"
        ],
        [
          "/deps/tokio/net/unix",
          "SocketAddr.as_pathname"
        ],
        [
          "/deps/tokio/net/unix",
          "SocketAddr.is_unnamed"
        ],
        [
          "/deps/tokio/net/unix",
          "UCred"
        ],
        [
          "/deps/tokio/net/unix",
          "UCred.gid"
        ],
        [
          "/deps/tokio/net/unix",
          "UCred.pid"
        ],
        [
          "/deps/tokio/net/unix",
          "UCred.uid"
        ],
        [
          "/deps/tokio/net/unix/ownedreadhalf",
          "as_ref"
        ],
        [
          "/deps/tokio/net/unix/ownedwritehalf",
          "as_ref"
        ],
        [
          "/deps/tokio/net/unix/ownedwritehalf",
          "drop"
        ],
        [
          "/deps/tokio/net/unix/ownedwritehalf",
          "is_write_vectored"
        ],
        [
          "/deps/tokio/net/unix/pipe",
          "OpenOptions"
        ],
        [
          "/deps/tokio/net/unix/pipe",
          "OpenOptions.open_receiver"
        ],
        [
          "/deps/tokio/net/unix/pipe",
          "OpenOptions.open_sender"
        ],
        [
          "/deps/tokio/net/unix/pipe",
          "OpenOptions.read_write"
        ],
        [
          "/deps/tokio/net/unix/pipe",
          "OpenOptions.unchecked"
        ],
        [
          "/deps/tokio/net/unix/pipe",
          "OpenOptions::new"
        ],
        [
          "/deps/tokio/net/unix/pipe",
          "Receiver"
        ],
        [
          "/deps/tokio/net/unix/pipe",
          "Receiver.into_blocking_fd"
        ],
        [
          "/deps/tokio/net/unix/pipe",
          "Receiver.into_nonblocking_fd"
        ],
        [
          "/deps/tokio/net/unix/pipe",
          "Receiver.readable"
        ],
        [
          "/deps/tokio/net/unix/pipe",
          "Receiver.ready"
        ],
        [
          "/deps/tokio/net/unix/pipe",
          "Receiver::from_file"
        ],
        [
          "/deps/tokio/net/unix/pipe",
          "Receiver::from_file_unchecked"
        ],
        [
          "/deps/tokio/net/unix/pipe",
          "Receiver::from_owned_fd"
        ],
        [
          "/deps/tokio/net/unix/pipe",
          "Receiver::from_owned_fd_unchecked"
        ],
        [
          "/deps/tokio/net/unix/pipe",
          "Sender"
        ],
        [
          "/deps/tokio/net/unix/pipe",
          "Sender.into_blocking_fd"
        ],
        [
          "/deps/tokio/net/unix/pipe",
          "Sender.into_nonblocking_fd"
        ],
        [
          "/deps/tokio/net/unix/pipe",
          "Sender.ready"
        ],
        [
          "/deps/tokio/net/unix/pipe",
          "Sender.writable"
        ],
        [
          "/deps/tokio/net/unix/pipe",
          "Sender::from_file"
        ],
        [
          "/deps/tokio/net/unix/pipe",
          "Sender::from_file_unchecked"
        ],
        [
          "/deps/tokio/net/unix/pipe",
          "Sender::from_owned_fd"
        ],
        [
          "/deps/tokio/net/unix/pipe",
          "Sender::from_owned_fd_unchecked"
        ],
        [
          "/deps/tokio/net/unix/pipe/openoptions",
          "clone"
        ],
        [
          "/deps/tokio/net/unix/pipe/openoptions",
          "default"
        ],
        [
          "/deps/tokio/net/unix/pipe/receiver",
          "as_raw_fd"
        ],
        [
          "/deps/tokio/net/unix/pipe/sender",
          "as_raw_fd"
        ],
        [
          "/deps/tokio/net/unix/pipe/sender",
          "is_write_vectored"
        ],
        [
          "/deps/tokio/net/unix/socketaddr",
          "clone"
        ],
        [
          "/deps/tokio/net/unix/socketaddr/trait/core/convert/from-std/os/unix/net/addr/socketaddr",
          "from"
        ],
        [
          "/deps/tokio/net/unix/socketaddr/trait/core/convert/from-tokio/net/unix/socketaddr",
          "from"
        ],
        [
          "/deps/tokio/net/unix/ucred",
          "clone"
        ],
        [
          "/deps/tokio/net/unix/ucred",
          "eq"
        ],
        [
          "/deps/tokio/net/unixlistener",
          "as_raw_fd"
        ],
        [
          "/deps/tokio/net/unixlistener",
          "try_from"
        ],
        [
          "/deps/tokio/net/unixsocket",
          "as_raw_fd"
        ],
        [
          "/deps/tokio/net/unixsocket",
          "into_raw_fd"
        ],
        [
          "/deps/tokio/net/unixstream",
          "as_raw_fd"
        ],
        [
          "/deps/tokio/net/unixstream",
          "is_write_vectored"
        ],
        [
          "/deps/tokio/net/unixstream",
          "try_from"
        ]
      ],
      "name": "tokio",
      "version": "1.53.0"
    }
  ],
  "format": 3,
  "projection_schema": "54",
  "removed": [],
  "resolution": {
    "events": [
      {
        "reason": "bundled projection distribution is deliberately deferred until Terrane has a release artifact channel",
        "source": "BundledArtifact",
        "status": "Skipped"
      },
      {
        "reason": "`TERRANE_PROJECTION_ARTIFACT_URL` is not configured",
        "source": "PublishedArtifact",
        "status": "Skipped"
      },
      {
        "reason": "no reusable exact artifact was available; generated with the pinned local rustdoc toolchain",
        "source": "LocalRustdoc",
        "status": "Generated"
      }
    ],
    "outcome": "LocalRustdoc"
  },
  "rustdoc_format": 57,
  "source": "Local"
}
