{
  "format": 4,
  "dependencies": [
    {
      "name": "http",
      "version": "1.5.0",
      "members": {
        "/deps/http": [
          "Error",
          "Error.into",
          "Error.is",
          "Error.try_into",
          "Extensions",
          "Extensions.clear",
          "Extensions.clone",
          "Extensions.extend",
          "Extensions.get",
          "Extensions.get_mut",
          "Extensions.get_or_insert",
          "Extensions.get_or_insert_default",
          "Extensions.get_or_insert_with",
          "Extensions.insert",
          "Extensions.into",
          "Extensions.is_empty",
          "Extensions.len",
          "Extensions.remove",
          "Extensions.try_into",
          "Extensions::default",
          "Extensions::new",
          "HeaderMap",
          "HeaderMap.append",
          "HeaderMap.capacity",
          "HeaderMap.clear",
          "HeaderMap.clone",
          "HeaderMap.contains_key",
          "HeaderMap.drain",
          "HeaderMap.entry",
          "HeaderMap.eq",
          "HeaderMap.get",
          "HeaderMap.get_all",
          "HeaderMap.get_mut",
          "HeaderMap.insert",
          "HeaderMap.into",
          "HeaderMap.is_empty",
          "HeaderMap.iter",
          "HeaderMap.iter_mut",
          "HeaderMap.keys",
          "HeaderMap.keys_len",
          "HeaderMap.len",
          "HeaderMap.remove",
          "HeaderMap.reserve",
          "HeaderMap.try_append",
          "HeaderMap.try_entry",
          "HeaderMap.try_insert",
          "HeaderMap.try_into",
          "HeaderMap.try_reserve",
          "HeaderMap.values",
          "HeaderMap.values_mut",
          "HeaderMap::default",
          "HeaderMap::from_iter",
          "HeaderMap::new",
          "HeaderMap::try_with_capacity",
          "HeaderMap::with_capacity",
          "HeaderName",
          "HeaderName.as_ref",
          "HeaderName.as_str",
          "HeaderName.borrow",
          "HeaderName.clone",
          "HeaderName.into",
          "HeaderName.try_into",
          "HeaderName::from_static",
          "HeaderName::from_str",
          "HeaderValue",
          "HeaderValue.clone",
          "HeaderValue.cmp",
          "HeaderValue.into",
          "HeaderValue.is_empty",
          "HeaderValue.is_sensitive",
          "HeaderValue.len",
          "HeaderValue.set_sensitive",
          "HeaderValue.to_str",
          "HeaderValue.try_into",
          "HeaderValue::from_maybe_shared",
          "HeaderValue::from_maybe_shared_unchecked",
          "HeaderValue::from_name",
          "HeaderValue::from_static",
          "HeaderValue::from_str",
          "Method",
          "Method.as_ref",
          "Method.as_str",
          "Method.clone",
          "Method.cmp",
          "Method.into",
          "Method.is_idempotent",
          "Method.is_safe",
          "Method.partial_cmp",
          "Method.try_into",
          "Method::default",
          "Method::from",
          "Method::from_str",
          "Method::try_from",
          "StatusCode",
          "StatusCode.as_str",
          "StatusCode.as_u16",
          "StatusCode.canonical_reason",
          "StatusCode.clone",
          "StatusCode.cmp",
          "StatusCode.into",
          "StatusCode.is_client_error",
          "StatusCode.is_informational",
          "StatusCode.is_redirection",
          "StatusCode.is_server_error",
          "StatusCode.is_success",
          "StatusCode.partial_cmp",
          "StatusCode.try_into",
          "StatusCode::default",
          "StatusCode::from_str",
          "StatusCode::from_u16",
          "Uri",
          "Uri.authority",
          "Uri.clone",
          "Uri.host",
          "Uri.into",
          "Uri.into_parts",
          "Uri.path",
          "Uri.path_and_query",
          "Uri.port",
          "Uri.port_u16",
          "Uri.query",
          "Uri.scheme",
          "Uri.scheme_str",
          "Uri.try_into",
          "Uri::builder",
          "Uri::default",
          "Uri::from_maybe_shared",
          "Uri::from_parts",
          "Uri::from_static",
          "Uri::from_str",
          "Version",
          "Version.clone",
          "Version.cmp",
          "Version.eq",
          "Version.into",
          "Version.partial_cmp",
          "Version.try_into",
          "Version::default",
          "borrowed-option",
          "borrowed-option.and_then",
          "borrowed-option.cloned",
          "borrowed-option.map"
        ],
        "/deps/http/error/trait/core/convert/from-core/convert/infallible": [
          "from"
        ],
        "/deps/http/error/trait/core/convert/from-http/header/invalidheadername": [
          "from"
        ],
        "/deps/http/error/trait/core/convert/from-http/header/invalidheadervalue": [
          "from"
        ],
        "/deps/http/error/trait/core/convert/from-http/header/maxsizereached": [
          "from"
        ],
        "/deps/http/error/trait/core/convert/from-http/method/invalidmethod": [
          "from"
        ],
        "/deps/http/error/trait/core/convert/from-http/status/invalidstatuscode": [
          "from"
        ],
        "/deps/http/error/trait/core/convert/from-http/uri/invaliduri": [
          "from"
        ],
        "/deps/http/error/trait/core/convert/from-http/uri/invaliduriparts": [
          "from"
        ],
        "/deps/http/header": [
          "InvalidHeaderName",
          "InvalidHeaderName.into",
          "InvalidHeaderName.try_into",
          "InvalidHeaderName::from",
          "InvalidHeaderValue",
          "InvalidHeaderValue.into",
          "InvalidHeaderValue.try_into",
          "InvalidHeaderValue::from",
          "MaxSizeReached",
          "MaxSizeReached.into",
          "MaxSizeReached.try_into",
          "MaxSizeReached::from",
          "ToStrError",
          "ToStrError.into",
          "ToStrError.try_into"
        ],
        "/deps/http/header/map/as-header-name": [
          "TryEntryError"
        ],
        "/deps/http/headermap/trait/core/iter/traits/collect/extend-core/option/option-http/headername-http/headervalue": [
          "extend"
        ],
        "/deps/http/headermap/trait/core/iter/traits/collect/extend-http/headername-http/headervalue": [
          "extend"
        ],
        "/deps/http/headername/trait/core/cmp/partialeq": [
          "eq"
        ],
        "/deps/http/headername/trait/core/convert/tryfrom-std/vec/vec-u8": [
          "try_from"
        ],
        "/deps/http/headername/trait/core/convert/tryfrom-str": [
          "try_from"
        ],
        "/deps/http/headervalue": [
          "from_str"
        ],
        "/deps/http/headervalue/trait/core/cmp/partialeq": [
          "eq"
        ],
        "/deps/http/headervalue/trait/core/cmp/partialeq-std/string/string": [
          "eq"
        ],
        "/deps/http/headervalue/trait/core/cmp/partialeq-str": [
          "eq"
        ],
        "/deps/http/headervalue/trait/core/cmp/partialord": [
          "partial_cmp"
        ],
        "/deps/http/headervalue/trait/core/cmp/partialord-std/string/string": [
          "partial_cmp"
        ],
        "/deps/http/headervalue/trait/core/cmp/partialord-str": [
          "partial_cmp"
        ],
        "/deps/http/headervalue/trait/core/convert/from-http/headername": [
          "from"
        ],
        "/deps/http/headervalue/trait/core/convert/from-http/headervalue": [
          "from"
        ],
        "/deps/http/headervalue/trait/core/convert/from-i16": [
          "from"
        ],
        "/deps/http/headervalue/trait/core/convert/from-i32": [
          "from"
        ],
        "/deps/http/headervalue/trait/core/convert/from-i64": [
          "from"
        ],
        "/deps/http/headervalue/trait/core/convert/from-isize": [
          "from"
        ],
        "/deps/http/headervalue/trait/core/convert/from-u16": [
          "from"
        ],
        "/deps/http/headervalue/trait/core/convert/from-u32": [
          "from"
        ],
        "/deps/http/headervalue/trait/core/convert/from-u64": [
          "from"
        ],
        "/deps/http/headervalue/trait/core/convert/from-usize": [
          "from"
        ],
        "/deps/http/headervalue/trait/core/convert/tryfrom-std/vec/vec-u8": [
          "try_from"
        ],
        "/deps/http/headervalue/trait/core/convert/tryfrom-str": [
          "try_from"
        ],
        "/deps/http/method": [
          "InvalidMethod",
          "InvalidMethod.into",
          "InvalidMethod.try_into",
          "InvalidMethod::from"
        ],
        "/deps/http/method/trait/core/cmp/partialeq": [
          "eq"
        ],
        "/deps/http/request": [
          "Builder",
          "Builder.body",
          "Builder.extension",
          "Builder.extensions_mut",
          "Builder.extensions_ref",
          "Builder.header",
          "Builder.headers_mut",
          "Builder.headers_ref",
          "Builder.into",
          "Builder.method",
          "Builder.method_ref",
          "Builder.try_into",
          "Builder.uri",
          "Builder.uri_ref",
          "Builder.version",
          "Builder.version_ref",
          "Builder::default",
          "Builder::new",
          "Parts",
          "Parts.clone",
          "Parts.into",
          "Parts.try_into",
          "borrowed-option",
          "borrowed-option.and_then",
          "borrowed-option.cloned",
          "borrowed-option.map"
        ],
        "/deps/http/response": [
          "Builder",
          "Builder.body",
          "Builder.extension",
          "Builder.extensions_mut",
          "Builder.extensions_ref",
          "Builder.header",
          "Builder.headers_mut",
          "Builder.headers_ref",
          "Builder.into",
          "Builder.status",
          "Builder.try_into",
          "Builder.version",
          "Builder::default",
          "Builder::new",
          "Parts",
          "Parts.clone",
          "Parts.into",
          "Parts.try_into",
          "borrowed-option",
          "borrowed-option.and_then",
          "borrowed-option.cloned",
          "borrowed-option.map"
        ],
        "/deps/http/status": [
          "InvalidStatusCode",
          "InvalidStatusCode.into",
          "InvalidStatusCode.try_into",
          "InvalidStatusCode::from"
        ],
        "/deps/http/statuscode/trait/core/cmp/partialeq": [
          "eq"
        ],
        "/deps/http/statuscode/trait/core/cmp/partialeq-u16": [
          "eq"
        ],
        "/deps/http/statuscode/trait/core/convert/tryfrom-str": [
          "try_from"
        ],
        "/deps/http/statuscode/trait/core/convert/tryfrom-u16": [
          "try_from"
        ],
        "/deps/http/uri": [
          "Authority",
          "Authority.as_ref",
          "Authority.as_str",
          "Authority.clone",
          "Authority.host",
          "Authority.into",
          "Authority.port",
          "Authority.port_u16",
          "Authority.try_into",
          "Authority::from",
          "Authority::from_maybe_shared",
          "Authority::from_static",
          "Authority::from_str",
          "Builder",
          "Builder.authority",
          "Builder.build",
          "Builder.into",
          "Builder.path_and_query",
          "Builder.scheme",
          "Builder.try_into",
          "Builder::default",
          "Builder::from",
          "Builder::new",
          "InvalidUri",
          "InvalidUri.into",
          "InvalidUri.try_into",
          "InvalidUri::from",
          "InvalidUriParts",
          "InvalidUriParts.into",
          "InvalidUriParts.try_into",
          "InvalidUriParts::from",
          "Parts",
          "Parts.into",
          "Parts.try_into",
          "Parts::default",
          "Parts::from",
          "Parts::try_from",
          "PathAndQuery",
          "PathAndQuery.as_str",
          "PathAndQuery.clone",
          "PathAndQuery.into",
          "PathAndQuery.path",
          "PathAndQuery.query",
          "PathAndQuery.try_into",
          "PathAndQuery::from",
          "PathAndQuery::from_maybe_shared",
          "PathAndQuery::from_static",
          "PathAndQuery::from_str",
          "Scheme",
          "Scheme.as_ref",
          "Scheme.as_str",
          "Scheme.clone",
          "Scheme.into",
          "Scheme.try_into",
          "Scheme::from_str",
          "Scheme::try_from",
          "borrowed-option",
          "borrowed-option.and_then",
          "borrowed-option.cloned",
          "borrowed-option.map"
        ],
        "/deps/http/uri/authority/trait/core/cmp/partialeq": [
          "eq"
        ],
        "/deps/http/uri/authority/trait/core/cmp/partialeq-std/string/string": [
          "eq"
        ],
        "/deps/http/uri/authority/trait/core/cmp/partialord": [
          "partial_cmp"
        ],
        "/deps/http/uri/authority/trait/core/cmp/partialord-std/string/string": [
          "partial_cmp"
        ],
        "/deps/http/uri/authority/trait/core/convert/tryfrom-std/string/string": [
          "try_from"
        ],
        "/deps/http/uri/authority/trait/core/convert/tryfrom-std/vec/vec-u8": [
          "try_from"
        ],
        "/deps/http/uri/authority/trait/core/convert/tryfrom-str": [
          "try_from"
        ],
        "/deps/http/uri/pathandquery/trait/core/cmp/partialeq": [
          "eq"
        ],
        "/deps/http/uri/pathandquery/trait/core/cmp/partialeq-std/string/string": [
          "eq"
        ],
        "/deps/http/uri/pathandquery/trait/core/cmp/partialord": [
          "partial_cmp"
        ],
        "/deps/http/uri/pathandquery/trait/core/cmp/partialord-std/string/string": [
          "partial_cmp"
        ],
        "/deps/http/uri/pathandquery/trait/core/convert/tryfrom-std/vec/vec-u8": [
          "try_from"
        ],
        "/deps/http/uri/pathandquery/trait/core/convert/tryfrom-str": [
          "try_from"
        ],
        "/deps/http/uri/scheme/trait/core/cmp/partialeq": [
          "eq"
        ],
        "/deps/http/uri/scheme/trait/core/cmp/partialeq-str": [
          "eq"
        ],
        "/deps/http/uri/trait/core/cmp/partialeq": [
          "eq"
        ],
        "/deps/http/uri/trait/core/convert/from-http/uri/authority": [
          "from"
        ],
        "/deps/http/uri/trait/core/convert/from-http/uri/pathandquery": [
          "from"
        ],
        "/deps/http/uri/trait/core/convert/tryfrom-http/uri": [
          "try_from"
        ],
        "/deps/http/uri/trait/core/convert/tryfrom-http/uri/parts": [
          "try_from"
        ],
        "/deps/http/uri/trait/core/convert/tryfrom-std/vec/vec-u8": [
          "try_from"
        ],
        "/deps/http/uri/trait/core/convert/tryfrom-str": [
          "try_from"
        ]
      }
    },
    {
      "name": "witness",
      "version": "0.1.0",
      "members": {
        "/deps/witness": [
          "Canvas",
          "Canvas.draw_circle",
          "Canvas.into",
          "Canvas.total",
          "Canvas.try_into",
          "Entry",
          "Entry.clone",
          "Entry.into",
          "Entry.try_into",
          "Entry.value",
          "Extensions",
          "Extensions.entry",
          "Extensions.get",
          "Extensions.into",
          "Extensions.try_into",
          "Header",
          "Header.into",
          "Header.length",
          "Header.text",
          "Header.try_into",
          "Host",
          "Host.base_mut",
          "Host.into",
          "Host.total",
          "Host.try_into",
          "Host::new",
          "Request",
          "Request.extensions",
          "Request.headers",
          "Request.into",
          "Request.try_into",
          "Request::new",
          "View",
          "borrowed-option",
          "borrowed-option.and_then",
          "borrowed-option.cloned",
          "borrowed-option.map",
          "clone_count",
          "consume",
          "make_view",
          "render",
          "root_count"
        ]
      }
    }
  ],
  "removed": [],
  "cache_identity": "bb3c4602f010dcede689981c58463443cdb02408364bf050512261b4958cd69f",
  "source": "Local",
  "rustdoc_format": 57,
  "projection_schema": "226",
  "content_hash": "bb1515ae1a1633817581f16cc60017c2591ab6b2e6c0d20a28323c43ca405596",
  "resolution": {
    "outcome": "ExactCache",
    "events": [
      {
        "source": "ExactCache",
        "status": "Hit",
        "reason": "matched projection identity `bb3c4602f010dcede689981c58463443cdb02408364bf050512261b4958cd69f`"
      }
    ]
  }
}
