{
  "format": 2,
  "dependencies": [
    {
      "name": "terrane-sequence-witness",
      "version": "0.1.0",
      "members": [
        [
          "/deps/terrane-sequence-witness",
          "BorrowedSequence"
        ],
        [
          "/deps/terrane-sequence-witness",
          "QueueSequence"
        ],
        [
          "/deps/terrane-sequence-witness",
          "SequenceError"
        ],
        [
          "/deps/terrane-sequence-witness",
          "TcpSequence"
        ],
        [
          "/deps/terrane-sequence-witness",
          "TokioSequence"
        ],
        [
          "/deps/terrane-sequence-witness",
          "make_borrowed_sequence"
        ],
        [
          "/deps/terrane-sequence-witness",
          "make_failing_tokio_sequence"
        ],
        [
          "/deps/terrane-sequence-witness",
          "make_pending_tokio_sequence"
        ],
        [
          "/deps/terrane-sequence-witness",
          "make_queue_sequence"
        ],
        [
          "/deps/terrane-sequence-witness",
          "make_tcp_sequence"
        ],
        [
          "/deps/terrane-sequence-witness",
          "make_tokio_sequence"
        ]
      ]
    }
  ],
  "removed": [],
  "cache_identity": "23aebb5f8e10e7a222bdee544c4340cb7bf1eb59a9289ab31d631222db96d0f1",
  "source": "Local",
  "rustdoc_format": 57,
  "projection_schema": "18",
  "content_hash": "5690049844ca89c6ce8bded6af6d441606c39ce9677e322c1d834075803078c2",
  "resolution": {
    "outcome": "LocalRustdoc",
    "events": [
      {
        "source": "BundledArtifact",
        "status": "Skipped",
        "reason": "bundled projection distribution is deliberately deferred until Terrane has a release artifact channel"
      },
      {
        "source": "PublishedArtifact",
        "status": "Skipped",
        "reason": "`TERRANE_PROJECTION_ARTIFACT_URL` is not configured"
      },
      {
        "source": "LocalRustdoc",
        "status": "Generated",
        "reason": "no reusable exact artifact was available; generated with the pinned local rustdoc toolchain"
      }
    ]
  }
}
