{
  "dependencies": [
    {
      "members": {},
      "name": "terrane-trait-collision-contract",
      "version": "0.1.0"
    },
    {
      "members": {
        "/deps/terrane-trait-collision-impls": [
          "First",
          "First.into",
          "First.transform",
          "First.try_into",
          "First.value",
          "Second",
          "Second.into",
          "Second.transform",
          "Second.try_into",
          "Second.value",
          "first",
          "second"
        ]
      },
      "name": "terrane-trait-collision-impls",
      "version": "0.1.0"
    }
  ],
  "format": 4,
  "removed": [],
  "rustdoc_format": 57,
  "source": "Local"
}
