{
  "dependencies": [
    {
      "members": {
        "/deps/terrane-opaque-result-witness": [
          "Value",
          "Wrapper-of-Value-u32",
          "Wrapper-of-Value-u32.value",
          "choose",
          "consume",
          "make",
          "serve"
        ]
      },
      "name": "terrane-opaque-result-witness",
      "version": "0.1.2"
    }
  ],
  "format": 4,
  "removed": [],
  "rustdoc_format": 57,
  "source": "Local"
}
