{
  "format": 4,
  "dependencies": [
    {
      "name": "witness",
      "version": "0.1.1",
      "members": {
        "/deps/witness": [
          "Address",
          "Address.clone",
          "Address.into",
          "Address.try_into",
          "Envelope",
          "Envelope.into",
          "Envelope.into_payload",
          "Envelope.try_into",
          "Frame",
          "Frame.into",
          "Frame.try_into",
          "Maybe",
          "Maybe.into",
          "Maybe.try_into",
          "Pair",
          "Printable",
          "Printable.into",
          "Printable.try_into",
          "address_port",
          "frame_port",
          "into_address",
          "maybe_port",
          "pair_summary",
          "printable_text",
          "text_length"
        ]
      }
    }
  ],
  "removed": [],
  "cache_identity": "b1e7352d51f2c61c1c7da43d66e6bde80f6aae51d9567cda23e155d98057310e",
  "source": "Local",
  "rustdoc_format": 57,
  "projection_schema": "243",
  "content_hash": "841d4786d1d278fe38beaeb51cdceef6b47feb98c6355c030a3f537ed486505e",
  "resolution": {
    "outcome": "LocalRustdoc",
    "events": [
      {
        "source": "BundledArtifact",
        "status": "Skipped",
        "reason": "bundled projection distribution is deliberately deferred until Terrane has a release artifact channel"
      },
      {
        "source": "PublishedArtifact",
        "status": "Skipped",
        "reason": "`TERRANE_PROJECTION_ARTIFACT_URL` is not configured"
      },
      {
        "source": "LocalRustdoc",
        "status": "Generated",
        "reason": "no reusable exact artifact was available; generated with the pinned local rustdoc toolchain"
      }
    ]
  }
}
