{
  "dependencies": [
    {
      "members": {
        "/deps/terrane-callback-witness": [
          "Adjustable",
          "AdjustableOwner",
          "AdjustableOwner.adjust",
          "AdjustableOwner.current",
          "AdjustableOwner.into",
          "AdjustableOwner.try_into",
          "AsyncEntry",
          "DropAware",
          "DropToken",
          "DropToken.into",
          "DropToken.try_into",
          "LocalAdjustable",
          "LocalAdjustableOwner",
          "LocalAdjustableOwner.adjust",
          "LocalAdjustableOwner.current",
          "LocalAdjustableOwner.into",
          "LocalAdjustableOwner.try_into",
          "Marker",
          "Marker.clone",
          "Marker.into",
          "Marker.try_into",
          "Marker.value",
          "Registrar",
          "Registrar.apply",
          "Registrar.into",
          "Registrar.try_into",
          "active_retained_invocations",
          "adjust_value",
          "apply_async",
          "apply_async_concurrently",
          "apply_mutable",
          "apply_once",
          "apply_shared",
          "async_entry_cleanup_count",
          "cancel_async_entry",
          "consume_drop",
          "drop_token",
          "invoke_retained",
          "make_marker",
          "open_async",
          "open_callback",
          "pending_value",
          "record_async_entry_cleanup",
          "registrar",
          "render_many",
          "retain_adjustable",
          "retain_boxed_adjustable",
          "retain_local_adjustable",
          "wait_until_retained_invocation_active"
        ]
      },
      "name": "terrane-callback-witness",
      "version": "0.1.0"
    }
  ],
  "format": 4,
  "removed": [],
  "rustdoc_format": 57,
  "source": "Local"
}
