{
  "dependencies": [
    {
      "members": {
        "/deps/witness": [
          "SecondWidget",
          "borrow_identity",
          "first_widget",
          "pair_widget",
          "render_scoped",
          "second_widget"
        ]
      },
      "name": "witness",
      "version": "0.1.0"
    }
  ],
  "format": 4,
  "removed": [],
  "rustdoc_format": 57,
  "source": "Local"
}
