# This file is automatically @generated by Cargo.
# It is not intended for manual editing.
version = 4

[[package]]
name = "terrane-native-alias-facade"
version = "0.1.0"
dependencies = [
 "terrane-native-alias-owner",
]

[[package]]
name = "terrane-native-alias-owner"
version = "0.1.0"

[[package]]
name = "terrane_dependency_projection"
version = "0.0.0"
dependencies = [
 "terrane-native-alias-facade",
 "terrane-native-alias-owner",
]
